
Microsoft Visual Studio Solution File, Format Version 12.00
# Visual Studio Version 17
VisualStudioVersion = 17.0.31903.59
MinimumVisualStudioVersion = 10.0.40219.1
Project("{2150E333-8FDC-42A3-9474-1A3956D46DE8}") = "src", "src", "{827E0CD3-B72D-47B6-A68D-7590B98EB39B}"
EndProject
Project("{2150E333-8FDC-42A3-9474-1A3956D46DE8}") = "BuildingBlocks", "BuildingBlocks", "{90298CBA-BD6F-3A0A-69D5-97CAD7B05E7E}"
EndProject
Project("{FAE04EC0-301F-11D3-BF4B-00C04F79EFBC}") = "SpectrumCare.BuildingBlocks.Domain", "src\BuildingBlocks\SpectrumCare.BuildingBlocks.Domain\SpectrumCare.BuildingBlocks.Domain.csproj", "{D8F91D30-3B32-4A15-A8E0-52D7B6FF6665}"
EndProject
Project("{FAE04EC0-301F-11D3-BF4B-00C04F79EFBC}") = "SpectrumCare.BuildingBlocks.Application", "src\BuildingBlocks\SpectrumCare.BuildingBlocks.Application\SpectrumCare.BuildingBlocks.Application.csproj", "{8AE1CFFA-CFE3-49CE-AACD-D9FF503D182B}"
EndProject
Project("{FAE04EC0-301F-11D3-BF4B-00C04F79EFBC}") = "SpectrumCare.BuildingBlocks.Infrastructure", "src\BuildingBlocks\SpectrumCare.BuildingBlocks.Infrastructure\SpectrumCare.BuildingBlocks.Infrastructure.csproj", "{190C21C9-DD7D-4671-8ABB-7B9AFF275E73}"
EndProject
Project("{FAE04EC0-301F-11D3-BF4B-00C04F79EFBC}") = "SpectrumCare.BuildingBlocks.Web", "src\BuildingBlocks\SpectrumCare.BuildingBlocks.Web\SpectrumCare.BuildingBlocks.Web.csproj", "{CF2290AA-596E-448A-A5A2-DD1E1AEAEAB8}"
EndProject
Project("{2150E333-8FDC-42A3-9474-1A3956D46DE8}") = "Services", "Services", "{984BB9B3-3FA3-BE33-9484-CAC21695A33C}"
EndProject
Project("{2150E333-8FDC-42A3-9474-1A3956D46DE8}") = "Identity", "Identity", "{1BFC9479-12BF-35C3-06B8-42D89D95092B}"
EndProject
Project("{FAE04EC0-301F-11D3-BF4B-00C04F79EFBC}") = "SpectrumCare.Identity.Domain", "src\Services\Identity\SpectrumCare.Identity.Domain\SpectrumCare.Identity.Domain.csproj", "{F39C772D-353F-479D-9354-B951E27B53B8}"
EndProject
Project("{FAE04EC0-301F-11D3-BF4B-00C04F79EFBC}") = "SpectrumCare.Identity.Application", "src\Services\Identity\SpectrumCare.Identity.Application\SpectrumCare.Identity.Application.csproj", "{6EA047F8-A961-4886-8410-D260AC15A6D2}"
EndProject
Project("{FAE04EC0-301F-11D3-BF4B-00C04F79EFBC}") = "SpectrumCare.Identity.Infrastructure", "src\Services\Identity\SpectrumCare.Identity.Infrastructure\SpectrumCare.Identity.Infrastructure.csproj", "{7E39D2F7-DFED-443B-B3D6-F6B1FBCA596A}"
EndProject
Project("{FAE04EC0-301F-11D3-BF4B-00C04F79EFBC}") = "SpectrumCare.Identity.API", "src\Services\Identity\SpectrumCare.Identity.API\SpectrumCare.Identity.API.csproj", "{923813DE-9B75-46DE-B708-243AB6ADED91}"
EndProject
Project("{2150E333-8FDC-42A3-9474-1A3956D46DE8}") = "ClientHub", "ClientHub", "{90871885-B8E6-5C1A-CBBF-0D2A04985334}"
EndProject
Project("{FAE04EC0-301F-11D3-BF4B-00C04F79EFBC}") = "SpectrumCare.ClientHub.Domain", "src\Services\ClientHub\SpectrumCare.ClientHub.Domain\SpectrumCare.ClientHub.Domain.csproj", "{9EACF9EB-9294-4DE9-A0EF-D6830E86054E}"
EndProject
Project("{FAE04EC0-301F-11D3-BF4B-00C04F79EFBC}") = "SpectrumCare.ClientHub.Application", "src\Services\ClientHub\SpectrumCare.ClientHub.Application\SpectrumCare.ClientHub.Application.csproj", "{74EFACEA-16F6-43BC-B27C-823BA1252B93}"
EndProject
Project("{FAE04EC0-301F-11D3-BF4B-00C04F79EFBC}") = "SpectrumCare.ClientHub.Infrastructure", "src\Services\ClientHub\SpectrumCare.ClientHub.Infrastructure\SpectrumCare.ClientHub.Infrastructure.csproj", "{CA3A457B-8AC0-40A0-9F7E-140E1450BC28}"
EndProject
Project("{FAE04EC0-301F-11D3-BF4B-00C04F79EFBC}") = "SpectrumCare.ClientHub.API", "src\Services\ClientHub\SpectrumCare.ClientHub.API\SpectrumCare.ClientHub.API.csproj", "{3D7B1CB5-551A-4923-872D-9BFBC1F95F9B}"
EndProject
Project("{2150E333-8FDC-42A3-9474-1A3956D46DE8}") = "StaffCore", "StaffCore", "{207F13CC-034E-F255-3190-3D359AC0ABE6}"
EndProject
Project("{FAE04EC0-301F-11D3-BF4B-00C04F79EFBC}") = "SpectrumCare.StaffCore.Domain", "src\Services\StaffCore\SpectrumCare.StaffCore.Domain\SpectrumCare.StaffCore.Domain.csproj", "{F0AB6049-43E8-4FFE-9A0E-DAA97A6473DC}"
EndProject
Project("{FAE04EC0-301F-11D3-BF4B-00C04F79EFBC}") = "SpectrumCare.StaffCore.Application", "src\Services\StaffCore\SpectrumCare.StaffCore.Application\SpectrumCare.StaffCore.Application.csproj", "{62BA4703-7995-40E8-869C-CFE3ED1CEE42}"
EndProject
Project("{FAE04EC0-301F-11D3-BF4B-00C04F79EFBC}") = "SpectrumCare.StaffCore.Infrastructure", "src\Services\StaffCore\SpectrumCare.StaffCore.Infrastructure\SpectrumCare.StaffCore.Infrastructure.csproj", "{423B97B3-3E71-4708-A1D8-22DCE2B4BDD5}"
EndProject
Project("{FAE04EC0-301F-11D3-BF4B-00C04F79EFBC}") = "SpectrumCare.StaffCore.API", "src\Services\StaffCore\SpectrumCare.StaffCore.API\SpectrumCare.StaffCore.API.csproj", "{EDA8319C-93B9-4675-A28E-FAB28A3737D5}"
EndProject
Project("{2150E333-8FDC-42A3-9474-1A3956D46DE8}") = "CareScheduler", "CareScheduler", "{4055CF69-C227-5102-9BD5-10E543479BE4}"
EndProject
Project("{FAE04EC0-301F-11D3-BF4B-00C04F79EFBC}") = "SpectrumCare.CareScheduler.Domain", "src\Services\CareScheduler\SpectrumCare.CareScheduler.Domain\SpectrumCare.CareScheduler.Domain.csproj", "{61F74FC4-7B9A-49D6-9D85-C3FCB4B65E42}"
EndProject
Project("{FAE04EC0-301F-11D3-BF4B-00C04F79EFBC}") = "SpectrumCare.CareScheduler.Application", "src\Services\CareScheduler\SpectrumCare.CareScheduler.Application\SpectrumCare.CareScheduler.Application.csproj", "{07F9779A-0FCE-494A-B595-52DC0B39E35D}"
EndProject
Project("{FAE04EC0-301F-11D3-BF4B-00C04F79EFBC}") = "SpectrumCare.CareScheduler.Infrastructure", "src\Services\CareScheduler\SpectrumCare.CareScheduler.Infrastructure\SpectrumCare.CareScheduler.Infrastructure.csproj", "{7E6E8351-44AA-4E1D-88FA-8BF2746C4AE9}"
EndProject
Project("{FAE04EC0-301F-11D3-BF4B-00C04F79EFBC}") = "SpectrumCare.CareScheduler.API", "src\Services\CareScheduler\SpectrumCare.CareScheduler.API\SpectrumCare.CareScheduler.API.csproj", "{F00D0561-ED78-4BBB-964F-EFAC60A609E8}"
EndProject
Project("{2150E333-8FDC-42A3-9474-1A3956D46DE8}") = "BillingCore", "BillingCore", "{06D28332-66B3-E6B3-924A-9DDA8E154DB5}"
EndProject
Project("{FAE04EC0-301F-11D3-BF4B-00C04F79EFBC}") = "SpectrumCare.BillingCore.Domain", "src\Services\BillingCore\SpectrumCare.BillingCore.Domain\SpectrumCare.BillingCore.Domain.csproj", "{95EF80C2-C60C-43E8-A1BA-4658BAD9A212}"
EndProject
Project("{FAE04EC0-301F-11D3-BF4B-00C04F79EFBC}") = "SpectrumCare.BillingCore.Application", "src\Services\BillingCore\SpectrumCare.BillingCore.Application\SpectrumCare.BillingCore.Application.csproj", "{2B780C25-148B-4F53-A8F8-8DBCCBA71E07}"
EndProject
Project("{FAE04EC0-301F-11D3-BF4B-00C04F79EFBC}") = "SpectrumCare.BillingCore.Infrastructure", "src\Services\BillingCore\SpectrumCare.BillingCore.Infrastructure\SpectrumCare.BillingCore.Infrastructure.csproj", "{01285D62-3B32-4D16-AB9F-6DE7C3948845}"
EndProject
Project("{FAE04EC0-301F-11D3-BF4B-00C04F79EFBC}") = "SpectrumCare.BillingCore.API", "src\Services\BillingCore\SpectrumCare.BillingCore.API\SpectrumCare.BillingCore.API.csproj", "{EB511BED-9FA9-439A-B554-09B5C54972B8}"
EndProject
Project("{2150E333-8FDC-42A3-9474-1A3956D46DE8}") = "ClinicalInsights", "ClinicalInsights", "{18CA52B8-6E38-66FB-F718-A8FDBC5FDE27}"
EndProject
Project("{FAE04EC0-301F-11D3-BF4B-00C04F79EFBC}") = "SpectrumCare.ClinicalInsights.Domain", "src\Services\ClinicalInsights\SpectrumCare.ClinicalInsights.Domain\SpectrumCare.ClinicalInsights.Domain.csproj", "{4CA74A7F-8D4F-441C-928C-45B78A2F4CB6}"
EndProject
Project("{FAE04EC0-301F-11D3-BF4B-00C04F79EFBC}") = "SpectrumCare.ClinicalInsights.Application", "src\Services\ClinicalInsights\SpectrumCare.ClinicalInsights.Application\SpectrumCare.ClinicalInsights.Application.csproj", "{0CD62993-9ABB-4BCD-B713-9198941F901B}"
EndProject
Project("{FAE04EC0-301F-11D3-BF4B-00C04F79EFBC}") = "SpectrumCare.ClinicalInsights.Infrastructure", "src\Services\ClinicalInsights\SpectrumCare.ClinicalInsights.Infrastructure\SpectrumCare.ClinicalInsights.Infrastructure.csproj", "{25B45716-FECE-4630-87FB-ABCFB87AE1E0}"
EndProject
Project("{FAE04EC0-301F-11D3-BF4B-00C04F79EFBC}") = "SpectrumCare.ClinicalInsights.API", "src\Services\ClinicalInsights\SpectrumCare.ClinicalInsights.API\SpectrumCare.ClinicalInsights.API.csproj", "{3E739B22-9463-49BB-856F-F791C1021316}"
EndProject
Project("{2150E333-8FDC-42A3-9474-1A3956D46DE8}") = "TenantConfig", "TenantConfig", "{1749B297-7763-A9F9-5B90-3022596A2E25}"
EndProject
Project("{FAE04EC0-301F-11D3-BF4B-00C04F79EFBC}") = "SpectrumCare.TenantConfig.Domain", "src\Services\TenantConfig\SpectrumCare.TenantConfig.Domain\SpectrumCare.TenantConfig.Domain.csproj", "{A391D0F5-1FE8-47B1-8683-7107BF898B1B}"
EndProject
Project("{FAE04EC0-301F-11D3-BF4B-00C04F79EFBC}") = "SpectrumCare.TenantConfig.Application", "src\Services\TenantConfig\SpectrumCare.TenantConfig.Application\SpectrumCare.TenantConfig.Application.csproj", "{6DD203EA-1C4F-4F87-84AF-B58B5C635ED9}"
EndProject
Project("{FAE04EC0-301F-11D3-BF4B-00C04F79EFBC}") = "SpectrumCare.TenantConfig.Infrastructure", "src\Services\TenantConfig\SpectrumCare.TenantConfig.Infrastructure\SpectrumCare.TenantConfig.Infrastructure.csproj", "{13638A37-D200-4F86-B56C-4B2905D614FD}"
EndProject
Project("{FAE04EC0-301F-11D3-BF4B-00C04F79EFBC}") = "SpectrumCare.TenantConfig.API", "src\Services\TenantConfig\SpectrumCare.TenantConfig.API\SpectrumCare.TenantConfig.API.csproj", "{11C63E5D-B5E5-4A7E-BBEF-411975DAD57F}"
EndProject
Project("{2150E333-8FDC-42A3-9474-1A3956D46DE8}") = "Notify", "Notify", "{3FFEBCA5-B2B1-307B-2E79-834D392A0BA2}"
EndProject
Project("{FAE04EC0-301F-11D3-BF4B-00C04F79EFBC}") = "SpectrumCare.Notify.Domain", "src\Services\Notify\SpectrumCare.Notify.Domain\SpectrumCare.Notify.Domain.csproj", "{C161E5DE-44EB-498B-960A-7A4D5CC37A24}"
EndProject
Project("{FAE04EC0-301F-11D3-BF4B-00C04F79EFBC}") = "SpectrumCare.Notify.Application", "src\Services\Notify\SpectrumCare.Notify.Application\SpectrumCare.Notify.Application.csproj", "{5BD3742F-69C5-4F51-B475-6D15E8A4B88B}"
EndProject
Project("{FAE04EC0-301F-11D3-BF4B-00C04F79EFBC}") = "SpectrumCare.Notify.Infrastructure", "src\Services\Notify\SpectrumCare.Notify.Infrastructure\SpectrumCare.Notify.Infrastructure.csproj", "{C9DB13BC-73F3-4699-8696-09A32861A64E}"
EndProject
Project("{FAE04EC0-301F-11D3-BF4B-00C04F79EFBC}") = "SpectrumCare.Notify.API", "src\Services\Notify\SpectrumCare.Notify.API\SpectrumCare.Notify.API.csproj", "{50203FBF-04CC-4F6C-8313-2B18E182860D}"
EndProject
Project("{2150E333-8FDC-42A3-9474-1A3956D46DE8}") = "Gateway", "Gateway", "{6306A8FB-679E-111F-6585-8F70E0EE6013}"
EndProject
Project("{FAE04EC0-301F-11D3-BF4B-00C04F79EFBC}") = "SpectrumCare.Gateway", "src\Gateway\SpectrumCare.Gateway\SpectrumCare.Gateway.csproj", "{F4250F89-F5FF-4D66-8E84-24F3EFE4BF63}"
EndProject
Project("{2150E333-8FDC-42A3-9474-1A3956D46DE8}") = "tests", "tests", "{0AB3BF05-4346-4AA6-1389-037BE0695223}"
EndProject
Project("{2150E333-8FDC-42A3-9474-1A3956D46DE8}") = "BuildingBlocks", "BuildingBlocks", "{AD3136F1-6676-2AF3-8A96-F3C6585F1CB9}"
EndProject
Project("{FAE04EC0-301F-11D3-BF4B-00C04F79EFBC}") = "SpectrumCare.BuildingBlocks.UnitTests", "tests\BuildingBlocks\SpectrumCare.BuildingBlocks.UnitTests\SpectrumCare.BuildingBlocks.UnitTests.csproj", "{0F708903-4BA2-4836-8842-C85438132418}"
EndProject
Project("{2150E333-8FDC-42A3-9474-1A3956D46DE8}") = "Identity", "Identity", "{391CE2F5-AE47-7A9A-F474-4847BE99435E}"
EndProject
Project("{FAE04EC0-301F-11D3-BF4B-00C04F79EFBC}") = "SpectrumCare.Identity.UnitTests", "tests\Identity\SpectrumCare.Identity.UnitTests\SpectrumCare.Identity.UnitTests.csproj", "{7EFBC28D-A7E3-40D1-9A42-3F890CEABCD9}"
EndProject
Project("{FAE04EC0-301F-11D3-BF4B-00C04F79EFBC}") = "SpectrumCare.Identity.IntegrationTests", "tests\Identity\SpectrumCare.Identity.IntegrationTests\SpectrumCare.Identity.IntegrationTests.csproj", "{50B94922-6080-4AA0-8B79-B5A789285C7A}"
EndProject
Project("{2150E333-8FDC-42A3-9474-1A3956D46DE8}") = "ClientHub", "ClientHub", "{E14384F3-D6B5-6C82-393F-A6910D1D9072}"
EndProject
Project("{FAE04EC0-301F-11D3-BF4B-00C04F79EFBC}") = "SpectrumCare.ClientHub.UnitTests", "tests\ClientHub\SpectrumCare.ClientHub.UnitTests\SpectrumCare.ClientHub.UnitTests.csproj", "{9105F374-A6A2-48CF-AE74-D99C4A5EE758}"
EndProject
Project("{FAE04EC0-301F-11D3-BF4B-00C04F79EFBC}") = "SpectrumCare.ClientHub.IntegrationTests", "tests\ClientHub\SpectrumCare.ClientHub.IntegrationTests\SpectrumCare.ClientHub.IntegrationTests.csproj", "{E87B92BD-0745-4466-902A-7CB172678716}"
EndProject
Project("{2150E333-8FDC-42A3-9474-1A3956D46DE8}") = "StaffCore", "StaffCore", "{8CCC5DDE-A30B-52D2-856F-F7742811CBE6}"
EndProject
Project("{FAE04EC0-301F-11D3-BF4B-00C04F79EFBC}") = "SpectrumCare.StaffCore.UnitTests", "tests\StaffCore\SpectrumCare.StaffCore.UnitTests\SpectrumCare.StaffCore.UnitTests.csproj", "{B9CE6661-1466-4E8B-BE1D-6A63D8BCB824}"
EndProject
Project("{FAE04EC0-301F-11D3-BF4B-00C04F79EFBC}") = "SpectrumCare.StaffCore.IntegrationTests", "tests\StaffCore\SpectrumCare.StaffCore.IntegrationTests\SpectrumCare.StaffCore.IntegrationTests.csproj", "{84F1D945-B247-4547-A48B-A7F500E50A29}"
EndProject
Project("{2150E333-8FDC-42A3-9474-1A3956D46DE8}") = "CareScheduler", "CareScheduler", "{FE625950-12E4-55AD-7F27-DE9A04D3DC7D}"
EndProject
Project("{FAE04EC0-301F-11D3-BF4B-00C04F79EFBC}") = "SpectrumCare.CareScheduler.UnitTests", "tests\CareScheduler\SpectrumCare.CareScheduler.UnitTests\SpectrumCare.CareScheduler.UnitTests.csproj", "{52836FC2-008C-46B2-9B39-6E9C57E99639}"
EndProject
Project("{FAE04EC0-301F-11D3-BF4B-00C04F79EFBC}") = "SpectrumCare.CareScheduler.IntegrationTests", "tests\CareScheduler\SpectrumCare.CareScheduler.IntegrationTests\SpectrumCare.CareScheduler.IntegrationTests.csproj", "{58F27E78-126F-45C9-8FDB-E9B9CAAEBCDF}"
EndProject
Project("{2150E333-8FDC-42A3-9474-1A3956D46DE8}") = "BillingCore", "BillingCore", "{1DBC3A11-3DAD-A2D1-268C-152EE2D416E0}"
EndProject
Project("{FAE04EC0-301F-11D3-BF4B-00C04F79EFBC}") = "SpectrumCare.BillingCore.UnitTests", "tests\BillingCore\SpectrumCare.BillingCore.UnitTests\SpectrumCare.BillingCore.UnitTests.csproj", "{C4FFD5D2-B388-444D-90FB-B84B39C04FD0}"
EndProject
Project("{FAE04EC0-301F-11D3-BF4B-00C04F79EFBC}") = "SpectrumCare.BillingCore.IntegrationTests", "tests\BillingCore\SpectrumCare.BillingCore.IntegrationTests\SpectrumCare.BillingCore.IntegrationTests.csproj", "{F074E614-BC51-4478-ABBF-21C6DFD64D3F}"
EndProject
Project("{2150E333-8FDC-42A3-9474-1A3956D46DE8}") = "ClinicalInsights", "ClinicalInsights", "{4724D9FA-1982-D43C-F3A4-3983C547C5B0}"
EndProject
Project("{FAE04EC0-301F-11D3-BF4B-00C04F79EFBC}") = "SpectrumCare.ClinicalInsights.UnitTests", "tests\ClinicalInsights\SpectrumCare.ClinicalInsights.UnitTests\SpectrumCare.ClinicalInsights.UnitTests.csproj", "{999F115A-CEBE-4F2B-9600-912DCF9A37C0}"
EndProject
Project("{FAE04EC0-301F-11D3-BF4B-00C04F79EFBC}") = "SpectrumCare.ClinicalInsights.IntegrationTests", "tests\ClinicalInsights\SpectrumCare.ClinicalInsights.IntegrationTests\SpectrumCare.ClinicalInsights.IntegrationTests.csproj", "{64FB848E-3685-4524-872B-77C29090C9BA}"
EndProject
Project("{2150E333-8FDC-42A3-9474-1A3956D46DE8}") = "TenantConfig", "TenantConfig", "{02281479-84AC-AB17-0037-41424BA50996}"
EndProject
Project("{FAE04EC0-301F-11D3-BF4B-00C04F79EFBC}") = "SpectrumCare.TenantConfig.UnitTests", "tests\TenantConfig\SpectrumCare.TenantConfig.UnitTests\SpectrumCare.TenantConfig.UnitTests.csproj", "{2AB06D7E-BC8E-4027-BCCE-B23AA27083A8}"
EndProject
Project("{FAE04EC0-301F-11D3-BF4B-00C04F79EFBC}") = "SpectrumCare.TenantConfig.IntegrationTests", "tests\TenantConfig\SpectrumCare.TenantConfig.IntegrationTests\SpectrumCare.TenantConfig.IntegrationTests.csproj", "{94F88274-0E31-4BDD-B0EC-3A3C063F6DA6}"
EndProject
Project("{2150E333-8FDC-42A3-9474-1A3956D46DE8}") = "Notify", "Notify", "{FCCD86C6-BC0B-1980-50D4-740336ADE599}"
EndProject
Project("{FAE04EC0-301F-11D3-BF4B-00C04F79EFBC}") = "SpectrumCare.Notify.UnitTests", "tests\Notify\SpectrumCare.Notify.UnitTests\SpectrumCare.Notify.UnitTests.csproj", "{B9E1545C-2E0A-470D-9395-71837E946604}"
EndProject
Project("{FAE04EC0-301F-11D3-BF4B-00C04F79EFBC}") = "SpectrumCare.Notify.IntegrationTests", "tests\Notify\SpectrumCare.Notify.IntegrationTests\SpectrumCare.Notify.IntegrationTests.csproj", "{EBBEE0CB-CDBD-495F-9CD9-9CF923EA6B92}"
EndProject
Global
	GlobalSection(SolutionConfigurationPlatforms) = preSolution
		Debug|Any CPU = Debug|Any CPU
		Debug|x64 = Debug|x64
		Debug|x86 = Debug|x86
		Release|Any CPU = Release|Any CPU
		Release|x64 = Release|x64
		Release|x86 = Release|x86
	EndGlobalSection
	GlobalSection(ProjectConfigurationPlatforms) = postSolution
		{D8F91D30-3B32-4A15-A8E0-52D7B6FF6665}.Debug|Any CPU.ActiveCfg = Debug|Any CPU
		{D8F91D30-3B32-4A15-A8E0-52D7B6FF6665}.Debug|Any CPU.Build.0 = Debug|Any CPU
		{D8F91D30-3B32-4A15-A8E0-52D7B6FF6665}.Debug|x64.ActiveCfg = Debug|Any CPU
		{D8F91D30-3B32-4A15-A8E0-52D7B6FF6665}.Debug|x64.Build.0 = Debug|Any CPU
		{D8F91D30-3B32-4A15-A8E0-52D7B6FF6665}.Debug|x86.ActiveCfg = Debug|Any CPU
		{D8F91D30-3B32-4A15-A8E0-52D7B6FF6665}.Debug|x86.Build.0 = Debug|Any CPU
		{D8F91D30-3B32-4A15-A8E0-52D7B6FF6665}.Release|Any CPU.ActiveCfg = Release|Any CPU
		{D8F91D30-3B32-4A15-A8E0-52D7B6FF6665}.Release|Any CPU.Build.0 = Release|Any CPU
		{D8F91D30-3B32-4A15-A8E0-52D7B6FF6665}.Release|x64.ActiveCfg = Release|Any CPU
		{D8F91D30-3B32-4A15-A8E0-52D7B6FF6665}.Release|x64.Build.0 = Release|Any CPU
		{D8F91D30-3B32-4A15-A8E0-52D7B6FF6665}.Release|x86.ActiveCfg = Release|Any CPU
		{D8F91D30-3B32-4A15-A8E0-52D7B6FF6665}.Release|x86.Build.0 = Release|Any CPU
		{8AE1CFFA-CFE3-49CE-AACD-D9FF503D182B}.Debug|Any CPU.ActiveCfg = Debug|Any CPU
		{8AE1CFFA-CFE3-49CE-AACD-D9FF503D182B}.Debug|Any CPU.Build.0 = Debug|Any CPU
		{8AE1CFFA-CFE3-49CE-AACD-D9FF503D182B}.Debug|x64.ActiveCfg = Debug|Any CPU
		{8AE1CFFA-CFE3-49CE-AACD-D9FF503D182B}.Debug|x64.Build.0 = Debug|Any CPU
		{8AE1CFFA-CFE3-49CE-AACD-D9FF503D182B}.Debug|x86.ActiveCfg = Debug|Any CPU
		{8AE1CFFA-CFE3-49CE-AACD-D9FF503D182B}.Debug|x86.Build.0 = Debug|Any CPU
		{8AE1CFFA-CFE3-49CE-AACD-D9FF503D182B}.Release|Any CPU.ActiveCfg = Release|Any CPU
		{8AE1CFFA-CFE3-49CE-AACD-D9FF503D182B}.Release|Any CPU.Build.0 = Release|Any CPU
		{8AE1CFFA-CFE3-49CE-AACD-D9FF503D182B}.Release|x64.ActiveCfg = Release|Any CPU
		{8AE1CFFA-CFE3-49CE-AACD-D9FF503D182B}.Release|x64.Build.0 = Release|Any CPU
		{8AE1CFFA-CFE3-49CE-AACD-D9FF503D182B}.Release|x86.ActiveCfg = Release|Any CPU
		{8AE1CFFA-CFE3-49CE-AACD-D9FF503D182B}.Release|x86.Build.0 = Release|Any CPU
		{190C21C9-DD7D-4671-8ABB-7B9AFF275E73}.Debug|Any CPU.ActiveCfg = Debug|Any CPU
		{190C21C9-DD7D-4671-8ABB-7B9AFF275E73}.Debug|Any CPU.Build.0 = Debug|Any CPU
		{190C21C9-DD7D-4671-8ABB-7B9AFF275E73}.Debug|x64.ActiveCfg = Debug|Any CPU
		{190C21C9-DD7D-4671-8ABB-7B9AFF275E73}.Debug|x64.Build.0 = Debug|Any CPU
		{190C21C9-DD7D-4671-8ABB-7B9AFF275E73}.Debug|x86.ActiveCfg = Debug|Any CPU
		{190C21C9-DD7D-4671-8ABB-7B9AFF275E73}.Debug|x86.Build.0 = Debug|Any CPU
		{190C21C9-DD7D-4671-8ABB-7B9AFF275E73}.Release|Any CPU.ActiveCfg = Release|Any CPU
		{190C21C9-DD7D-4671-8ABB-7B9AFF275E73}.Release|Any CPU.Build.0 = Release|Any CPU
		{190C21C9-DD7D-4671-8ABB-7B9AFF275E73}.Release|x64.ActiveCfg = Release|Any CPU
		{190C21C9-DD7D-4671-8ABB-7B9AFF275E73}.Release|x64.Build.0 = Release|Any CPU
		{190C21C9-DD7D-4671-8ABB-7B9AFF275E73}.Release|x86.ActiveCfg = Release|Any CPU
		{190C21C9-DD7D-4671-8ABB-7B9AFF275E73}.Release|x86.Build.0 = Release|Any CPU
		{CF2290AA-596E-448A-A5A2-DD1E1AEAEAB8}.Debug|Any CPU.ActiveCfg = Debug|Any CPU
		{CF2290AA-596E-448A-A5A2-DD1E1AEAEAB8}.Debug|Any CPU.Build.0 = Debug|Any CPU
		{CF2290AA-596E-448A-A5A2-DD1E1AEAEAB8}.Debug|x64.ActiveCfg = Debug|Any CPU
		{CF2290AA-596E-448A-A5A2-DD1E1AEAEAB8}.Debug|x64.Build.0 = Debug|Any CPU
		{CF2290AA-596E-448A-A5A2-DD1E1AEAEAB8}.Debug|x86.ActiveCfg = Debug|Any CPU
		{CF2290AA-596E-448A-A5A2-DD1E1AEAEAB8}.Debug|x86.Build.0 = Debug|Any CPU
		{CF2290AA-596E-448A-A5A2-DD1E1AEAEAB8}.Release|Any CPU.ActiveCfg = Release|Any CPU
		{CF2290AA-596E-448A-A5A2-DD1E1AEAEAB8}.Release|Any CPU.Build.0 = Release|Any CPU
		{CF2290AA-596E-448A-A5A2-DD1E1AEAEAB8}.Release|x64.ActiveCfg = Release|Any CPU
		{CF2290AA-596E-448A-A5A2-DD1E1AEAEAB8}.Release|x64.Build.0 = Release|Any CPU
		{CF2290AA-596E-448A-A5A2-DD1E1AEAEAB8}.Release|x86.ActiveCfg = Release|Any CPU
		{CF2290AA-596E-448A-A5A2-DD1E1AEAEAB8}.Release|x86.Build.0 = Release|Any CPU
		{F39C772D-353F-479D-9354-B951E27B53B8}.Debug|Any CPU.ActiveCfg = Debug|Any CPU
		{F39C772D-353F-479D-9354-B951E27B53B8}.Debug|Any CPU.Build.0 = Debug|Any CPU
		{F39C772D-353F-479D-9354-B951E27B53B8}.Debug|x64.ActiveCfg = Debug|Any CPU
		{F39C772D-353F-479D-9354-B951E27B53B8}.Debug|x64.Build.0 = Debug|Any CPU
		{F39C772D-353F-479D-9354-B951E27B53B8}.Debug|x86.ActiveCfg = Debug|Any CPU
		{F39C772D-353F-479D-9354-B951E27B53B8}.Debug|x86.Build.0 = Debug|Any CPU
		{F39C772D-353F-479D-9354-B951E27B53B8}.Release|Any CPU.ActiveCfg = Release|Any CPU
		{F39C772D-353F-479D-9354-B951E27B53B8}.Release|Any CPU.Build.0 = Release|Any CPU
		{F39C772D-353F-479D-9354-B951E27B53B8}.Release|x64.ActiveCfg = Release|Any CPU
		{F39C772D-353F-479D-9354-B951E27B53B8}.Release|x64.Build.0 = Release|Any CPU
		{F39C772D-353F-479D-9354-B951E27B53B8}.Release|x86.ActiveCfg = Release|Any CPU
		{F39C772D-353F-479D-9354-B951E27B53B8}.Release|x86.Build.0 = Release|Any CPU
		{6EA047F8-A961-4886-8410-D260AC15A6D2}.Debug|Any CPU.ActiveCfg = Debug|Any CPU
		{6EA047F8-A961-4886-8410-D260AC15A6D2}.Debug|Any CPU.Build.0 = Debug|Any CPU
		{6EA047F8-A961-4886-8410-D260AC15A6D2}.Debug|x64.ActiveCfg = Debug|Any CPU
		{6EA047F8-A961-4886-8410-D260AC15A6D2}.Debug|x64.Build.0 = Debug|Any CPU
		{6EA047F8-A961-4886-8410-D260AC15A6D2}.Debug|x86.ActiveCfg = Debug|Any CPU
		{6EA047F8-A961-4886-8410-D260AC15A6D2}.Debug|x86.Build.0 = Debug|Any CPU
		{6EA047F8-A961-4886-8410-D260AC15A6D2}.Release|Any CPU.ActiveCfg = Release|Any CPU
		{6EA047F8-A961-4886-8410-D260AC15A6D2}.Release|Any CPU.Build.0 = Release|Any CPU
		{6EA047F8-A961-4886-8410-D260AC15A6D2}.Release|x64.ActiveCfg = Release|Any CPU
		{6EA047F8-A961-4886-8410-D260AC15A6D2}.Release|x64.Build.0 = Release|Any CPU
		{6EA047F8-A961-4886-8410-D260AC15A6D2}.Release|x86.ActiveCfg = Release|Any CPU
		{6EA047F8-A961-4886-8410-D260AC15A6D2}.Release|x86.Build.0 = Release|Any CPU
		{7E39D2F7-DFED-443B-B3D6-F6B1FBCA596A}.Debug|Any CPU.ActiveCfg = Debug|Any CPU
		{7E39D2F7-DFED-443B-B3D6-F6B1FBCA596A}.Debug|Any CPU.Build.0 = Debug|Any CPU
		{7E39D2F7-DFED-443B-B3D6-F6B1FBCA596A}.Debug|x64.ActiveCfg = Debug|Any CPU
		{7E39D2F7-DFED-443B-B3D6-F6B1FBCA596A}.Debug|x64.Build.0 = Debug|Any CPU
		{7E39D2F7-DFED-443B-B3D6-F6B1FBCA596A}.Debug|x86.ActiveCfg = Debug|Any CPU
		{7E39D2F7-DFED-443B-B3D6-F6B1FBCA596A}.Debug|x86.Build.0 = Debug|Any CPU
		{7E39D2F7-DFED-443B-B3D6-F6B1FBCA596A}.Release|Any CPU.ActiveCfg = Release|Any CPU
		{7E39D2F7-DFED-443B-B3D6-F6B1FBCA596A}.Release|Any CPU.Build.0 = Release|Any CPU
		{7E39D2F7-DFED-443B-B3D6-F6B1FBCA596A}.Release|x64.ActiveCfg = Release|Any CPU
		{7E39D2F7-DFED-443B-B3D6-F6B1FBCA596A}.Release|x64.Build.0 = Release|Any CPU
		{7E39D2F7-DFED-443B-B3D6-F6B1FBCA596A}.Release|x86.ActiveCfg = Release|Any CPU
		{7E39D2F7-DFED-443B-B3D6-F6B1FBCA596A}.Release|x86.Build.0 = Release|Any CPU
		{923813DE-9B75-46DE-B708-243AB6ADED91}.Debug|Any CPU.ActiveCfg = Debug|Any CPU
		{923813DE-9B75-46DE-B708-243AB6ADED91}.Debug|Any CPU.Build.0 = Debug|Any CPU
		{923813DE-9B75-46DE-B708-243AB6ADED91}.Debug|x64.ActiveCfg = Debug|Any CPU
		{923813DE-9B75-46DE-B708-243AB6ADED91}.Debug|x64.Build.0 = Debug|Any CPU
		{923813DE-9B75-46DE-B708-243AB6ADED91}.Debug|x86.ActiveCfg = Debug|Any CPU
		{923813DE-9B75-46DE-B708-243AB6ADED91}.Debug|x86.Build.0 = Debug|Any CPU
		{923813DE-9B75-46DE-B708-243AB6ADED91}.Release|Any CPU.ActiveCfg = Release|Any CPU
		{923813DE-9B75-46DE-B708-243AB6ADED91}.Release|Any CPU.Build.0 = Release|Any CPU
		{923813DE-9B75-46DE-B708-243AB6ADED91}.Release|x64.ActiveCfg = Release|Any CPU
		{923813DE-9B75-46DE-B708-243AB6ADED91}.Release|x64.Build.0 = Release|Any CPU
		{923813DE-9B75-46DE-B708-243AB6ADED91}.Release|x86.ActiveCfg = Release|Any CPU
		{923813DE-9B75-46DE-B708-243AB6ADED91}.Release|x86.Build.0 = Release|Any CPU
		{9EACF9EB-9294-4DE9-A0EF-D6830E86054E}.Debug|Any CPU.ActiveCfg = Debug|Any CPU
		{9EACF9EB-9294-4DE9-A0EF-D6830E86054E}.Debug|Any CPU.Build.0 = Debug|Any CPU
		{9EACF9EB-9294-4DE9-A0EF-D6830E86054E}.Debug|x64.ActiveCfg = Debug|Any CPU
		{9EACF9EB-9294-4DE9-A0EF-D6830E86054E}.Debug|x64.Build.0 = Debug|Any CPU
		{9EACF9EB-9294-4DE9-A0EF-D6830E86054E}.Debug|x86.ActiveCfg = Debug|Any CPU
		{9EACF9EB-9294-4DE9-A0EF-D6830E86054E}.Debug|x86.Build.0 = Debug|Any CPU
		{9EACF9EB-9294-4DE9-A0EF-D6830E86054E}.Release|Any CPU.ActiveCfg = Release|Any CPU
		{9EACF9EB-9294-4DE9-A0EF-D6830E86054E}.Release|Any CPU.Build.0 = Release|Any CPU
		{9EACF9EB-9294-4DE9-A0EF-D6830E86054E}.Release|x64.ActiveCfg = Release|Any CPU
		{9EACF9EB-9294-4DE9-A0EF-D6830E86054E}.Release|x64.Build.0 = Release|Any CPU
		{9EACF9EB-9294-4DE9-A0EF-D6830E86054E}.Release|x86.ActiveCfg = Release|Any CPU
		{9EACF9EB-9294-4DE9-A0EF-D6830E86054E}.Release|x86.Build.0 = Release|Any CPU
		{74EFACEA-16F6-43BC-B27C-823BA1252B93}.Debug|Any CPU.ActiveCfg = Debug|Any CPU
		{74EFACEA-16F6-43BC-B27C-823BA1252B93}.Debug|Any CPU.Build.0 = Debug|Any CPU
		{74EFACEA-16F6-43BC-B27C-823BA1252B93}.Debug|x64.ActiveCfg = Debug|Any CPU
		{74EFACEA-16F6-43BC-B27C-823BA1252B93}.Debug|x64.Build.0 = Debug|Any CPU
		{74EFACEA-16F6-43BC-B27C-823BA1252B93}.Debug|x86.ActiveCfg = Debug|Any CPU
		{74EFACEA-16F6-43BC-B27C-823BA1252B93}.Debug|x86.Build.0 = Debug|Any CPU
		{74EFACEA-16F6-43BC-B27C-823BA1252B93}.Release|Any CPU.ActiveCfg = Release|Any CPU
		{74EFACEA-16F6-43BC-B27C-823BA1252B93}.Release|Any CPU.Build.0 = Release|Any CPU
		{74EFACEA-16F6-43BC-B27C-823BA1252B93}.Release|x64.ActiveCfg = Release|Any CPU
		{74EFACEA-16F6-43BC-B27C-823BA1252B93}.Release|x64.Build.0 = Release|Any CPU
		{74EFACEA-16F6-43BC-B27C-823BA1252B93}.Release|x86.ActiveCfg = Release|Any CPU
		{74EFACEA-16F6-43BC-B27C-823BA1252B93}.Release|x86.Build.0 = Release|Any CPU
		{CA3A457B-8AC0-40A0-9F7E-140E1450BC28}.Debug|Any CPU.ActiveCfg = Debug|Any CPU
		{CA3A457B-8AC0-40A0-9F7E-140E1450BC28}.Debug|Any CPU.Build.0 = Debug|Any CPU
		{CA3A457B-8AC0-40A0-9F7E-140E1450BC28}.Debug|x64.ActiveCfg = Debug|Any CPU
		{CA3A457B-8AC0-40A0-9F7E-140E1450BC28}.Debug|x64.Build.0 = Debug|Any CPU
		{CA3A457B-8AC0-40A0-9F7E-140E1450BC28}.Debug|x86.ActiveCfg = Debug|Any CPU
		{CA3A457B-8AC0-40A0-9F7E-140E1450BC28}.Debug|x86.Build.0 = Debug|Any CPU
		{CA3A457B-8AC0-40A0-9F7E-140E1450BC28}.Release|Any CPU.ActiveCfg = Release|Any CPU
		{CA3A457B-8AC0-40A0-9F7E-140E1450BC28}.Release|Any CPU.Build.0 = Release|Any CPU
		{CA3A457B-8AC0-40A0-9F7E-140E1450BC28}.Release|x64.ActiveCfg = Release|Any CPU
		{CA3A457B-8AC0-40A0-9F7E-140E1450BC28}.Release|x64.Build.0 = Release|Any CPU
		{CA3A457B-8AC0-40A0-9F7E-140E1450BC28}.Release|x86.ActiveCfg = Release|Any CPU
		{CA3A457B-8AC0-40A0-9F7E-140E1450BC28}.Release|x86.Build.0 = Release|Any CPU
		{3D7B1CB5-551A-4923-872D-9BFBC1F95F9B}.Debug|Any CPU.ActiveCfg = Debug|Any CPU
		{3D7B1CB5-551A-4923-872D-9BFBC1F95F9B}.Debug|Any CPU.Build.0 = Debug|Any CPU
		{3D7B1CB5-551A-4923-872D-9BFBC1F95F9B}.Debug|x64.ActiveCfg = Debug|Any CPU
		{3D7B1CB5-551A-4923-872D-9BFBC1F95F9B}.Debug|x64.Build.0 = Debug|Any CPU
		{3D7B1CB5-551A-4923-872D-9BFBC1F95F9B}.Debug|x86.ActiveCfg = Debug|Any CPU
		{3D7B1CB5-551A-4923-872D-9BFBC1F95F9B}.Debug|x86.Build.0 = Debug|Any CPU
		{3D7B1CB5-551A-4923-872D-9BFBC1F95F9B}.Release|Any CPU.ActiveCfg = Release|Any CPU
		{3D7B1CB5-551A-4923-872D-9BFBC1F95F9B}.Release|Any CPU.Build.0 = Release|Any CPU
		{3D7B1CB5-551A-4923-872D-9BFBC1F95F9B}.Release|x64.ActiveCfg = Release|Any CPU
		{3D7B1CB5-551A-4923-872D-9BFBC1F95F9B}.Release|x64.Build.0 = Release|Any CPU
		{3D7B1CB5-551A-4923-872D-9BFBC1F95F9B}.Release|x86.ActiveCfg = Release|Any CPU
		{3D7B1CB5-551A-4923-872D-9BFBC1F95F9B}.Release|x86.Build.0 = Release|Any CPU
		{F0AB6049-43E8-4FFE-9A0E-DAA97A6473DC}.Debug|Any CPU.ActiveCfg = Debug|Any CPU
		{F0AB6049-43E8-4FFE-9A0E-DAA97A6473DC}.Debug|Any CPU.Build.0 = Debug|Any CPU
		{F0AB6049-43E8-4FFE-9A0E-DAA97A6473DC}.Debug|x64.ActiveCfg = Debug|Any CPU
		{F0AB6049-43E8-4FFE-9A0E-DAA97A6473DC}.Debug|x64.Build.0 = Debug|Any CPU
		{F0AB6049-43E8-4FFE-9A0E-DAA97A6473DC}.Debug|x86.ActiveCfg = Debug|Any CPU
		{F0AB6049-43E8-4FFE-9A0E-DAA97A6473DC}.Debug|x86.Build.0 = Debug|Any CPU
		{F0AB6049-43E8-4FFE-9A0E-DAA97A6473DC}.Release|Any CPU.ActiveCfg = Release|Any CPU
		{F0AB6049-43E8-4FFE-9A0E-DAA97A6473DC}.Release|Any CPU.Build.0 = Release|Any CPU
		{F0AB6049-43E8-4FFE-9A0E-DAA97A6473DC}.Release|x64.ActiveCfg = Release|Any CPU
		{F0AB6049-43E8-4FFE-9A0E-DAA97A6473DC}.Release|x64.Build.0 = Release|Any CPU
		{F0AB6049-43E8-4FFE-9A0E-DAA97A6473DC}.Release|x86.ActiveCfg = Release|Any CPU
		{F0AB6049-43E8-4FFE-9A0E-DAA97A6473DC}.Release|x86.Build.0 = Release|Any CPU
		{62BA4703-7995-40E8-869C-CFE3ED1CEE42}.Debug|Any CPU.ActiveCfg = Debug|Any CPU
		{62BA4703-7995-40E8-869C-CFE3ED1CEE42}.Debug|Any CPU.Build.0 = Debug|Any CPU
		{62BA4703-7995-40E8-869C-CFE3ED1CEE42}.Debug|x64.ActiveCfg = Debug|Any CPU
		{62BA4703-7995-40E8-869C-CFE3ED1CEE42}.Debug|x64.Build.0 = Debug|Any CPU
		{62BA4703-7995-40E8-869C-CFE3ED1CEE42}.Debug|x86.ActiveCfg = Debug|Any CPU
		{62BA4703-7995-40E8-869C-CFE3ED1CEE42}.Debug|x86.Build.0 = Debug|Any CPU
		{62BA4703-7995-40E8-869C-CFE3ED1CEE42}.Release|Any CPU.ActiveCfg = Release|Any CPU
		{62BA4703-7995-40E8-869C-CFE3ED1CEE42}.Release|Any CPU.Build.0 = Release|Any CPU
		{62BA4703-7995-40E8-869C-CFE3ED1CEE42}.Release|x64.ActiveCfg = Release|Any CPU
		{62BA4703-7995-40E8-869C-CFE3ED1CEE42}.Release|x64.Build.0 = Release|Any CPU
		{62BA4703-7995-40E8-869C-CFE3ED1CEE42}.Release|x86.ActiveCfg = Release|Any CPU
		{62BA4703-7995-40E8-869C-CFE3ED1CEE42}.Release|x86.Build.0 = Release|Any CPU
		{423B97B3-3E71-4708-A1D8-22DCE2B4BDD5}.Debug|Any CPU.ActiveCfg = Debug|Any CPU
		{423B97B3-3E71-4708-A1D8-22DCE2B4BDD5}.Debug|Any CPU.Build.0 = Debug|Any CPU
		{423B97B3-3E71-4708-A1D8-22DCE2B4BDD5}.Debug|x64.ActiveCfg = Debug|Any CPU
		{423B97B3-3E71-4708-A1D8-22DCE2B4BDD5}.Debug|x64.Build.0 = Debug|Any CPU
		{423B97B3-3E71-4708-A1D8-22DCE2B4BDD5}.Debug|x86.ActiveCfg = Debug|Any CPU
		{423B97B3-3E71-4708-A1D8-22DCE2B4BDD5}.Debug|x86.Build.0 = Debug|Any CPU
		{423B97B3-3E71-4708-A1D8-22DCE2B4BDD5}.Release|Any CPU.ActiveCfg = Release|Any CPU
		{423B97B3-3E71-4708-A1D8-22DCE2B4BDD5}.Release|Any CPU.Build.0 = Release|Any CPU
		{423B97B3-3E71-4708-A1D8-22DCE2B4BDD5}.Release|x64.ActiveCfg = Release|Any CPU
		{423B97B3-3E71-4708-A1D8-22DCE2B4BDD5}.Release|x64.Build.0 = Release|Any CPU
		{423B97B3-3E71-4708-A1D8-22DCE2B4BDD5}.Release|x86.ActiveCfg = Release|Any CPU
		{423B97B3-3E71-4708-A1D8-22DCE2B4BDD5}.Release|x86.Build.0 = Release|Any CPU
		{EDA8319C-93B9-4675-A28E-FAB28A3737D5}.Debug|Any CPU.ActiveCfg = Debug|Any CPU
		{EDA8319C-93B9-4675-A28E-FAB28A3737D5}.Debug|Any CPU.Build.0 = Debug|Any CPU
		{EDA8319C-93B9-4675-A28E-FAB28A3737D5}.Debug|x64.ActiveCfg = Debug|Any CPU
		{EDA8319C-93B9-4675-A28E-FAB28A3737D5}.Debug|x64.Build.0 = Debug|Any CPU
		{EDA8319C-93B9-4675-A28E-FAB28A3737D5}.Debug|x86.ActiveCfg = Debug|Any CPU
		{EDA8319C-93B9-4675-A28E-FAB28A3737D5}.Debug|x86.Build.0 = Debug|Any CPU
		{EDA8319C-93B9-4675-A28E-FAB28A3737D5}.Release|Any CPU.ActiveCfg = Release|Any CPU
		{EDA8319C-93B9-4675-A28E-FAB28A3737D5}.Release|Any CPU.Build.0 = Release|Any CPU
		{EDA8319C-93B9-4675-A28E-FAB28A3737D5}.Release|x64.ActiveCfg = Release|Any CPU
		{EDA8319C-93B9-4675-A28E-FAB28A3737D5}.Release|x64.Build.0 = Release|Any CPU
		{EDA8319C-93B9-4675-A28E-FAB28A3737D5}.Release|x86.ActiveCfg = Release|Any CPU
		{EDA8319C-93B9-4675-A28E-FAB28A3737D5}.Release|x86.Build.0 = Release|Any CPU
		{61F74FC4-7B9A-49D6-9D85-C3FCB4B65E42}.Debug|Any CPU.ActiveCfg = Debug|Any CPU
		{61F74FC4-7B9A-49D6-9D85-C3FCB4B65E42}.Debug|Any CPU.Build.0 = Debug|Any CPU
		{61F74FC4-7B9A-49D6-9D85-C3FCB4B65E42}.Debug|x64.ActiveCfg = Debug|Any CPU
		{61F74FC4-7B9A-49D6-9D85-C3FCB4B65E42}.Debug|x64.Build.0 = Debug|Any CPU
		{61F74FC4-7B9A-49D6-9D85-C3FCB4B65E42}.Debug|x86.ActiveCfg = Debug|Any CPU
		{61F74FC4-7B9A-49D6-9D85-C3FCB4B65E42}.Debug|x86.Build.0 = Debug|Any CPU
		{61F74FC4-7B9A-49D6-9D85-C3FCB4B65E42}.Release|Any CPU.ActiveCfg = Release|Any CPU
		{61F74FC4-7B9A-49D6-9D85-C3FCB4B65E42}.Release|Any CPU.Build.0 = Release|Any CPU
		{61F74FC4-7B9A-49D6-9D85-C3FCB4B65E42}.Release|x64.ActiveCfg = Release|Any CPU
		{61F74FC4-7B9A-49D6-9D85-C3FCB4B65E42}.Release|x64.Build.0 = Release|Any CPU
		{61F74FC4-7B9A-49D6-9D85-C3FCB4B65E42}.Release|x86.ActiveCfg = Release|Any CPU
		{61F74FC4-7B9A-49D6-9D85-C3FCB4B65E42}.Release|x86.Build.0 = Release|Any CPU
		{07F9779A-0FCE-494A-B595-52DC0B39E35D}.Debug|Any CPU.ActiveCfg = Debug|Any CPU
		{07F9779A-0FCE-494A-B595-52DC0B39E35D}.Debug|Any CPU.Build.0 = Debug|Any CPU
		{07F9779A-0FCE-494A-B595-52DC0B39E35D}.Debug|x64.ActiveCfg = Debug|Any CPU
		{07F9779A-0FCE-494A-B595-52DC0B39E35D}.Debug|x64.Build.0 = Debug|Any CPU
		{07F9779A-0FCE-494A-B595-52DC0B39E35D}.Debug|x86.ActiveCfg = Debug|Any CPU
		{07F9779A-0FCE-494A-B595-52DC0B39E35D}.Debug|x86.Build.0 = Debug|Any CPU
		{07F9779A-0FCE-494A-B595-52DC0B39E35D}.Release|Any CPU.ActiveCfg = Release|Any CPU
		{07F9779A-0FCE-494A-B595-52DC0B39E35D}.Release|Any CPU.Build.0 = Release|Any CPU
		{07F9779A-0FCE-494A-B595-52DC0B39E35D}.Release|x64.ActiveCfg = Release|Any CPU
		{07F9779A-0FCE-494A-B595-52DC0B39E35D}.Release|x64.Build.0 = Release|Any CPU
		{07F9779A-0FCE-494A-B595-52DC0B39E35D}.Release|x86.ActiveCfg = Release|Any CPU
		{07F9779A-0FCE-494A-B595-52DC0B39E35D}.Release|x86.Build.0 = Release|Any CPU
		{7E6E8351-44AA-4E1D-88FA-8BF2746C4AE9}.Debug|Any CPU.ActiveCfg = Debug|Any CPU
		{7E6E8351-44AA-4E1D-88FA-8BF2746C4AE9}.Debug|Any CPU.Build.0 = Debug|Any CPU
		{7E6E8351-44AA-4E1D-88FA-8BF2746C4AE9}.Debug|x64.ActiveCfg = Debug|Any CPU
		{7E6E8351-44AA-4E1D-88FA-8BF2746C4AE9}.Debug|x64.Build.0 = Debug|Any CPU
		{7E6E8351-44AA-4E1D-88FA-8BF2746C4AE9}.Debug|x86.ActiveCfg = Debug|Any CPU
		{7E6E8351-44AA-4E1D-88FA-8BF2746C4AE9}.Debug|x86.Build.0 = Debug|Any CPU
		{7E6E8351-44AA-4E1D-88FA-8BF2746C4AE9}.Release|Any CPU.ActiveCfg = Release|Any CPU
		{7E6E8351-44AA-4E1D-88FA-8BF2746C4AE9}.Release|Any CPU.Build.0 = Release|Any CPU
		{7E6E8351-44AA-4E1D-88FA-8BF2746C4AE9}.Release|x64.ActiveCfg = Release|Any CPU
		{7E6E8351-44AA-4E1D-88FA-8BF2746C4AE9}.Release|x64.Build.0 = Release|Any CPU
		{7E6E8351-44AA-4E1D-88FA-8BF2746C4AE9}.Release|x86.ActiveCfg = Release|Any CPU
		{7E6E8351-44AA-4E1D-88FA-8BF2746C4AE9}.Release|x86.Build.0 = Release|Any CPU
		{F00D0561-ED78-4BBB-964F-EFAC60A609E8}.Debug|Any CPU.ActiveCfg = Debug|Any CPU
		{F00D0561-ED78-4BBB-964F-EFAC60A609E8}.Debug|Any CPU.Build.0 = Debug|Any CPU
		{F00D0561-ED78-4BBB-964F-EFAC60A609E8}.Debug|x64.ActiveCfg = Debug|Any CPU
		{F00D0561-ED78-4BBB-964F-EFAC60A609E8}.Debug|x64.Build.0 = Debug|Any CPU
		{F00D0561-ED78-4BBB-964F-EFAC60A609E8}.Debug|x86.ActiveCfg = Debug|Any CPU
		{F00D0561-ED78-4BBB-964F-EFAC60A609E8}.Debug|x86.Build.0 = Debug|Any CPU
		{F00D0561-ED78-4BBB-964F-EFAC60A609E8}.Release|Any CPU.ActiveCfg = Release|Any CPU
		{F00D0561-ED78-4BBB-964F-EFAC60A609E8}.Release|Any CPU.Build.0 = Release|Any CPU
		{F00D0561-ED78-4BBB-964F-EFAC60A609E8}.Release|x64.ActiveCfg = Release|Any CPU
		{F00D0561-ED78-4BBB-964F-EFAC60A609E8}.Release|x64.Build.0 = Release|Any CPU
		{F00D0561-ED78-4BBB-964F-EFAC60A609E8}.Release|x86.ActiveCfg = Release|Any CPU
		{F00D0561-ED78-4BBB-964F-EFAC60A609E8}.Release|x86.Build.0 = Release|Any CPU
		{95EF80C2-C60C-43E8-A1BA-4658BAD9A212}.Debug|Any CPU.ActiveCfg = Debug|Any CPU
		{95EF80C2-C60C-43E8-A1BA-4658BAD9A212}.Debug|Any CPU.Build.0 = Debug|Any CPU
		{95EF80C2-C60C-43E8-A1BA-4658BAD9A212}.Debug|x64.ActiveCfg = Debug|Any CPU
		{95EF80C2-C60C-43E8-A1BA-4658BAD9A212}.Debug|x64.Build.0 = Debug|Any CPU
		{95EF80C2-C60C-43E8-A1BA-4658BAD9A212}.Debug|x86.ActiveCfg = Debug|Any CPU
		{95EF80C2-C60C-43E8-A1BA-4658BAD9A212}.Debug|x86.Build.0 = Debug|Any CPU
		{95EF80C2-C60C-43E8-A1BA-4658BAD9A212}.Release|Any CPU.ActiveCfg = Release|Any CPU
		{95EF80C2-C60C-43E8-A1BA-4658BAD9A212}.Release|Any CPU.Build.0 = Release|Any CPU
		{95EF80C2-C60C-43E8-A1BA-4658BAD9A212}.Release|x64.ActiveCfg = Release|Any CPU
		{95EF80C2-C60C-43E8-A1BA-4658BAD9A212}.Release|x64.Build.0 = Release|Any CPU
		{95EF80C2-C60C-43E8-A1BA-4658BAD9A212}.Release|x86.ActiveCfg = Release|Any CPU
		{95EF80C2-C60C-43E8-A1BA-4658BAD9A212}.Release|x86.Build.0 = Release|Any CPU
		{2B780C25-148B-4F53-A8F8-8DBCCBA71E07}.Debug|Any CPU.ActiveCfg = Debug|Any CPU
		{2B780C25-148B-4F53-A8F8-8DBCCBA71E07}.Debug|Any CPU.Build.0 = Debug|Any CPU
		{2B780C25-148B-4F53-A8F8-8DBCCBA71E07}.Debug|x64.ActiveCfg = Debug|Any CPU
		{2B780C25-148B-4F53-A8F8-8DBCCBA71E07}.Debug|x64.Build.0 = Debug|Any CPU
		{2B780C25-148B-4F53-A8F8-8DBCCBA71E07}.Debug|x86.ActiveCfg = Debug|Any CPU
		{2B780C25-148B-4F53-A8F8-8DBCCBA71E07}.Debug|x86.Build.0 = Debug|Any CPU
		{2B780C25-148B-4F53-A8F8-8DBCCBA71E07}.Release|Any CPU.ActiveCfg = Release|Any CPU
		{2B780C25-148B-4F53-A8F8-8DBCCBA71E07}.Release|Any CPU.Build.0 = Release|Any CPU
		{2B780C25-148B-4F53-A8F8-8DBCCBA71E07}.Release|x64.ActiveCfg = Release|Any CPU
		{2B780C25-148B-4F53-A8F8-8DBCCBA71E07}.Release|x64.Build.0 = Release|Any CPU
		{2B780C25-148B-4F53-A8F8-8DBCCBA71E07}.Release|x86.ActiveCfg = Release|Any CPU
		{2B780C25-148B-4F53-A8F8-8DBCCBA71E07}.Release|x86.Build.0 = Release|Any CPU
		{01285D62-3B32-4D16-AB9F-6DE7C3948845}.Debug|Any CPU.ActiveCfg = Debug|Any CPU
		{01285D62-3B32-4D16-AB9F-6DE7C3948845}.Debug|Any CPU.Build.0 = Debug|Any CPU
		{01285D62-3B32-4D16-AB9F-6DE7C3948845}.Debug|x64.ActiveCfg = Debug|Any CPU
		{01285D62-3B32-4D16-AB9F-6DE7C3948845}.Debug|x64.Build.0 = Debug|Any CPU
		{01285D62-3B32-4D16-AB9F-6DE7C3948845}.Debug|x86.ActiveCfg = Debug|Any CPU
		{01285D62-3B32-4D16-AB9F-6DE7C3948845}.Debug|x86.Build.0 = Debug|Any CPU
		{01285D62-3B32-4D16-AB9F-6DE7C3948845}.Release|Any CPU.ActiveCfg = Release|Any CPU
		{01285D62-3B32-4D16-AB9F-6DE7C3948845}.Release|Any CPU.Build.0 = Release|Any CPU
		{01285D62-3B32-4D16-AB9F-6DE7C3948845}.Release|x64.ActiveCfg = Release|Any CPU
		{01285D62-3B32-4D16-AB9F-6DE7C3948845}.Release|x64.Build.0 = Release|Any CPU
		{01285D62-3B32-4D16-AB9F-6DE7C3948845}.Release|x86.ActiveCfg = Release|Any CPU
		{01285D62-3B32-4D16-AB9F-6DE7C3948845}.Release|x86.Build.0 = Release|Any CPU
		{EB511BED-9FA9-439A-B554-09B5C54972B8}.Debug|Any CPU.ActiveCfg = Debug|Any CPU
		{EB511BED-9FA9-439A-B554-09B5C54972B8}.Debug|Any CPU.Build.0 = Debug|Any CPU
		{EB511BED-9FA9-439A-B554-09B5C54972B8}.Debug|x64.ActiveCfg = Debug|Any CPU
		{EB511BED-9FA9-439A-B554-09B5C54972B8}.Debug|x64.Build.0 = Debug|Any CPU
		{EB511BED-9FA9-439A-B554-09B5C54972B8}.Debug|x86.ActiveCfg = Debug|Any CPU
		{EB511BED-9FA9-439A-B554-09B5C54972B8}.Debug|x86.Build.0 = Debug|Any CPU
		{EB511BED-9FA9-439A-B554-09B5C54972B8}.Release|Any CPU.ActiveCfg = Release|Any CPU
		{EB511BED-9FA9-439A-B554-09B5C54972B8}.Release|Any CPU.Build.0 = Release|Any CPU
		{EB511BED-9FA9-439A-B554-09B5C54972B8}.Release|x64.ActiveCfg = Release|Any CPU
		{EB511BED-9FA9-439A-B554-09B5C54972B8}.Release|x64.Build.0 = Release|Any CPU
		{EB511BED-9FA9-439A-B554-09B5C54972B8}.Release|x86.ActiveCfg = Release|Any CPU
		{EB511BED-9FA9-439A-B554-09B5C54972B8}.Release|x86.Build.0 = Release|Any CPU
		{4CA74A7F-8D4F-441C-928C-45B78A2F4CB6}.Debug|Any CPU.ActiveCfg = Debug|Any CPU
		{4CA74A7F-8D4F-441C-928C-45B78A2F4CB6}.Debug|Any CPU.Build.0 = Debug|Any CPU
		{4CA74A7F-8D4F-441C-928C-45B78A2F4CB6}.Debug|x64.ActiveCfg = Debug|Any CPU
		{4CA74A7F-8D4F-441C-928C-45B78A2F4CB6}.Debug|x64.Build.0 = Debug|Any CPU
		{4CA74A7F-8D4F-441C-928C-45B78A2F4CB6}.Debug|x86.ActiveCfg = Debug|Any CPU
		{4CA74A7F-8D4F-441C-928C-45B78A2F4CB6}.Debug|x86.Build.0 = Debug|Any CPU
		{4CA74A7F-8D4F-441C-928C-45B78A2F4CB6}.Release|Any CPU.ActiveCfg = Release|Any CPU
		{4CA74A7F-8D4F-441C-928C-45B78A2F4CB6}.Release|Any CPU.Build.0 = Release|Any CPU
		{4CA74A7F-8D4F-441C-928C-45B78A2F4CB6}.Release|x64.ActiveCfg = Release|Any CPU
		{4CA74A7F-8D4F-441C-928C-45B78A2F4CB6}.Release|x64.Build.0 = Release|Any CPU
		{4CA74A7F-8D4F-441C-928C-45B78A2F4CB6}.Release|x86.ActiveCfg = Release|Any CPU
		{4CA74A7F-8D4F-441C-928C-45B78A2F4CB6}.Release|x86.Build.0 = Release|Any CPU
		{0CD62993-9ABB-4BCD-B713-9198941F901B}.Debug|Any CPU.ActiveCfg = Debug|Any CPU
		{0CD62993-9ABB-4BCD-B713-9198941F901B}.Debug|Any CPU.Build.0 = Debug|Any CPU
		{0CD62993-9ABB-4BCD-B713-9198941F901B}.Debug|x64.ActiveCfg = Debug|Any CPU
		{0CD62993-9ABB-4BCD-B713-9198941F901B}.Debug|x64.Build.0 = Debug|Any CPU
		{0CD62993-9ABB-4BCD-B713-9198941F901B}.Debug|x86.ActiveCfg = Debug|Any CPU
		{0CD62993-9ABB-4BCD-B713-9198941F901B}.Debug|x86.Build.0 = Debug|Any CPU
		{0CD62993-9ABB-4BCD-B713-9198941F901B}.Release|Any CPU.ActiveCfg = Release|Any CPU
		{0CD62993-9ABB-4BCD-B713-9198941F901B}.Release|Any CPU.Build.0 = Release|Any CPU
		{0CD62993-9ABB-4BCD-B713-9198941F901B}.Release|x64.ActiveCfg = Release|Any CPU
		{0CD62993-9ABB-4BCD-B713-9198941F901B}.Release|x64.Build.0 = Release|Any CPU
		{0CD62993-9ABB-4BCD-B713-9198941F901B}.Release|x86.ActiveCfg = Release|Any CPU
		{0CD62993-9ABB-4BCD-B713-9198941F901B}.Release|x86.Build.0 = Release|Any CPU
		{25B45716-FECE-4630-87FB-ABCFB87AE1E0}.Debug|Any CPU.ActiveCfg = Debug|Any CPU
		{25B45716-FECE-4630-87FB-ABCFB87AE1E0}.Debug|Any CPU.Build.0 = Debug|Any CPU
		{25B45716-FECE-4630-87FB-ABCFB87AE1E0}.Debug|x64.ActiveCfg = Debug|Any CPU
		{25B45716-FECE-4630-87FB-ABCFB87AE1E0}.Debug|x64.Build.0 = Debug|Any CPU
		{25B45716-FECE-4630-87FB-ABCFB87AE1E0}.Debug|x86.ActiveCfg = Debug|Any CPU
		{25B45716-FECE-4630-87FB-ABCFB87AE1E0}.Debug|x86.Build.0 = Debug|Any CPU
		{25B45716-FECE-4630-87FB-ABCFB87AE1E0}.Release|Any CPU.ActiveCfg = Release|Any CPU
		{25B45716-FECE-4630-87FB-ABCFB87AE1E0}.Release|Any CPU.Build.0 = Release|Any CPU
		{25B45716-FECE-4630-87FB-ABCFB87AE1E0}.Release|x64.ActiveCfg = Release|Any CPU
		{25B45716-FECE-4630-87FB-ABCFB87AE1E0}.Release|x64.Build.0 = Release|Any CPU
		{25B45716-FECE-4630-87FB-ABCFB87AE1E0}.Release|x86.ActiveCfg = Release|Any CPU
		{25B45716-FECE-4630-87FB-ABCFB87AE1E0}.Release|x86.Build.0 = Release|Any CPU
		{3E739B22-9463-49BB-856F-F791C1021316}.Debug|Any CPU.ActiveCfg = Debug|Any CPU
		{3E739B22-9463-49BB-856F-F791C1021316}.Debug|Any CPU.Build.0 = Debug|Any CPU
		{3E739B22-9463-49BB-856F-F791C1021316}.Debug|x64.ActiveCfg = Debug|Any CPU
		{3E739B22-9463-49BB-856F-F791C1021316}.Debug|x64.Build.0 = Debug|Any CPU
		{3E739B22-9463-49BB-856F-F791C1021316}.Debug|x86.ActiveCfg = Debug|Any CPU
		{3E739B22-9463-49BB-856F-F791C1021316}.Debug|x86.Build.0 = Debug|Any CPU
		{3E739B22-9463-49BB-856F-F791C1021316}.Release|Any CPU.ActiveCfg = Release|Any CPU
		{3E739B22-9463-49BB-856F-F791C1021316}.Release|Any CPU.Build.0 = Release|Any CPU
		{3E739B22-9463-49BB-856F-F791C1021316}.Release|x64.ActiveCfg = Release|Any CPU
		{3E739B22-9463-49BB-856F-F791C1021316}.Release|x64.Build.0 = Release|Any CPU
		{3E739B22-9463-49BB-856F-F791C1021316}.Release|x86.ActiveCfg = Release|Any CPU
		{3E739B22-9463-49BB-856F-F791C1021316}.Release|x86.Build.0 = Release|Any CPU
		{A391D0F5-1FE8-47B1-8683-7107BF898B1B}.Debug|Any CPU.ActiveCfg = Debug|Any CPU
		{A391D0F5-1FE8-47B1-8683-7107BF898B1B}.Debug|Any CPU.Build.0 = Debug|Any CPU
		{A391D0F5-1FE8-47B1-8683-7107BF898B1B}.Debug|x64.ActiveCfg = Debug|Any CPU
		{A391D0F5-1FE8-47B1-8683-7107BF898B1B}.Debug|x64.Build.0 = Debug|Any CPU
		{A391D0F5-1FE8-47B1-8683-7107BF898B1B}.Debug|x86.ActiveCfg = Debug|Any CPU
		{A391D0F5-1FE8-47B1-8683-7107BF898B1B}.Debug|x86.Build.0 = Debug|Any CPU
		{A391D0F5-1FE8-47B1-8683-7107BF898B1B}.Release|Any CPU.ActiveCfg = Release|Any CPU
		{A391D0F5-1FE8-47B1-8683-7107BF898B1B}.Release|Any CPU.Build.0 = Release|Any CPU
		{A391D0F5-1FE8-47B1-8683-7107BF898B1B}.Release|x64.ActiveCfg = Release|Any CPU
		{A391D0F5-1FE8-47B1-8683-7107BF898B1B}.Release|x64.Build.0 = Release|Any CPU
		{A391D0F5-1FE8-47B1-8683-7107BF898B1B}.Release|x86.ActiveCfg = Release|Any CPU
		{A391D0F5-1FE8-47B1-8683-7107BF898B1B}.Release|x86.Build.0 = Release|Any CPU
		{6DD203EA-1C4F-4F87-84AF-B58B5C635ED9}.Debug|Any CPU.ActiveCfg = Debug|Any CPU
		{6DD203EA-1C4F-4F87-84AF-B58B5C635ED9}.Debug|Any CPU.Build.0 = Debug|Any CPU
		{6DD203EA-1C4F-4F87-84AF-B58B5C635ED9}.Debug|x64.ActiveCfg = Debug|Any CPU
		{6DD203EA-1C4F-4F87-84AF-B58B5C635ED9}.Debug|x64.Build.0 = Debug|Any CPU
		{6DD203EA-1C4F-4F87-84AF-B58B5C635ED9}.Debug|x86.ActiveCfg = Debug|Any CPU
		{6DD203EA-1C4F-4F87-84AF-B58B5C635ED9}.Debug|x86.Build.0 = Debug|Any CPU
		{6DD203EA-1C4F-4F87-84AF-B58B5C635ED9}.Release|Any CPU.ActiveCfg = Release|Any CPU
		{6DD203EA-1C4F-4F87-84AF-B58B5C635ED9}.Release|Any CPU.Build.0 = Release|Any CPU
		{6DD203EA-1C4F-4F87-84AF-B58B5C635ED9}.Release|x64.ActiveCfg = Release|Any CPU
		{6DD203EA-1C4F-4F87-84AF-B58B5C635ED9}.Release|x64.Build.0 = Release|Any CPU
		{6DD203EA-1C4F-4F87-84AF-B58B5C635ED9}.Release|x86.ActiveCfg = Release|Any CPU
		{6DD203EA-1C4F-4F87-84AF-B58B5C635ED9}.Release|x86.Build.0 = Release|Any CPU
		{13638A37-D200-4F86-B56C-4B2905D614FD}.Debug|Any CPU.ActiveCfg = Debug|Any CPU
		{13638A37-D200-4F86-B56C-4B2905D614FD}.Debug|Any CPU.Build.0 = Debug|Any CPU
		{13638A37-D200-4F86-B56C-4B2905D614FD}.Debug|x64.ActiveCfg = Debug|Any CPU
		{13638A37-D200-4F86-B56C-4B2905D614FD}.Debug|x64.Build.0 = Debug|Any CPU
		{13638A37-D200-4F86-B56C-4B2905D614FD}.Debug|x86.ActiveCfg = Debug|Any CPU
		{13638A37-D200-4F86-B56C-4B2905D614FD}.Debug|x86.Build.0 = Debug|Any CPU
		{13638A37-D200-4F86-B56C-4B2905D614FD}.Release|Any CPU.ActiveCfg = Release|Any CPU
		{13638A37-D200-4F86-B56C-4B2905D614FD}.Release|Any CPU.Build.0 = Release|Any CPU
		{13638A37-D200-4F86-B56C-4B2905D614FD}.Release|x64.ActiveCfg = Release|Any CPU
		{13638A37-D200-4F86-B56C-4B2905D614FD}.Release|x64.Build.0 = Release|Any CPU
		{13638A37-D200-4F86-B56C-4B2905D614FD}.Release|x86.ActiveCfg = Release|Any CPU
		{13638A37-D200-4F86-B56C-4B2905D614FD}.Release|x86.Build.0 = Release|Any CPU
		{11C63E5D-B5E5-4A7E-BBEF-411975DAD57F}.Debug|Any CPU.ActiveCfg = Debug|Any CPU
		{11C63E5D-B5E5-4A7E-BBEF-411975DAD57F}.Debug|Any CPU.Build.0 = Debug|Any CPU
		{11C63E5D-B5E5-4A7E-BBEF-411975DAD57F}.Debug|x64.ActiveCfg = Debug|Any CPU
		{11C63E5D-B5E5-4A7E-BBEF-411975DAD57F}.Debug|x64.Build.0 = Debug|Any CPU
		{11C63E5D-B5E5-4A7E-BBEF-411975DAD57F}.Debug|x86.ActiveCfg = Debug|Any CPU
		{11C63E5D-B5E5-4A7E-BBEF-411975DAD57F}.Debug|x86.Build.0 = Debug|Any CPU
		{11C63E5D-B5E5-4A7E-BBEF-411975DAD57F}.Release|Any CPU.ActiveCfg = Release|Any CPU
		{11C63E5D-B5E5-4A7E-BBEF-411975DAD57F}.Release|Any CPU.Build.0 = Release|Any CPU
		{11C63E5D-B5E5-4A7E-BBEF-411975DAD57F}.Release|x64.ActiveCfg = Release|Any CPU
		{11C63E5D-B5E5-4A7E-BBEF-411975DAD57F}.Release|x64.Build.0 = Release|Any CPU
		{11C63E5D-B5E5-4A7E-BBEF-411975DAD57F}.Release|x86.ActiveCfg = Release|Any CPU
		{11C63E5D-B5E5-4A7E-BBEF-411975DAD57F}.Release|x86.Build.0 = Release|Any CPU
		{C161E5DE-44EB-498B-960A-7A4D5CC37A24}.Debug|Any CPU.ActiveCfg = Debug|Any CPU
		{C161E5DE-44EB-498B-960A-7A4D5CC37A24}.Debug|Any CPU.Build.0 = Debug|Any CPU
		{C161E5DE-44EB-498B-960A-7A4D5CC37A24}.Debug|x64.ActiveCfg = Debug|Any CPU
		{C161E5DE-44EB-498B-960A-7A4D5CC37A24}.Debug|x64.Build.0 = Debug|Any CPU
		{C161E5DE-44EB-498B-960A-7A4D5CC37A24}.Debug|x86.ActiveCfg = Debug|Any CPU
		{C161E5DE-44EB-498B-960A-7A4D5CC37A24}.Debug|x86.Build.0 = Debug|Any CPU
		{C161E5DE-44EB-498B-960A-7A4D5CC37A24}.Release|Any CPU.ActiveCfg = Release|Any CPU
		{C161E5DE-44EB-498B-960A-7A4D5CC37A24}.Release|Any CPU.Build.0 = Release|Any CPU
		{C161E5DE-44EB-498B-960A-7A4D5CC37A24}.Release|x64.ActiveCfg = Release|Any CPU
		{C161E5DE-44EB-498B-960A-7A4D5CC37A24}.Release|x64.Build.0 = Release|Any CPU
		{C161E5DE-44EB-498B-960A-7A4D5CC37A24}.Release|x86.ActiveCfg = Release|Any CPU
		{C161E5DE-44EB-498B-960A-7A4D5CC37A24}.Release|x86.Build.0 = Release|Any CPU
		{5BD3742F-69C5-4F51-B475-6D15E8A4B88B}.Debug|Any CPU.ActiveCfg = Debug|Any CPU
		{5BD3742F-69C5-4F51-B475-6D15E8A4B88B}.Debug|Any CPU.Build.0 = Debug|Any CPU
		{5BD3742F-69C5-4F51-B475-6D15E8A4B88B}.Debug|x64.ActiveCfg = Debug|Any CPU
		{5BD3742F-69C5-4F51-B475-6D15E8A4B88B}.Debug|x64.Build.0 = Debug|Any CPU
		{5BD3742F-69C5-4F51-B475-6D15E8A4B88B}.Debug|x86.ActiveCfg = Debug|Any CPU
		{5BD3742F-69C5-4F51-B475-6D15E8A4B88B}.Debug|x86.Build.0 = Debug|Any CPU
		{5BD3742F-69C5-4F51-B475-6D15E8A4B88B}.Release|Any CPU.ActiveCfg = Release|Any CPU
		{5BD3742F-69C5-4F51-B475-6D15E8A4B88B}.Release|Any CPU.Build.0 = Release|Any CPU
		{5BD3742F-69C5-4F51-B475-6D15E8A4B88B}.Release|x64.ActiveCfg = Release|Any CPU
		{5BD3742F-69C5-4F51-B475-6D15E8A4B88B}.Release|x64.Build.0 = Release|Any CPU
		{5BD3742F-69C5-4F51-B475-6D15E8A4B88B}.Release|x86.ActiveCfg = Release|Any CPU
		{5BD3742F-69C5-4F51-B475-6D15E8A4B88B}.Release|x86.Build.0 = Release|Any CPU
		{C9DB13BC-73F3-4699-8696-09A32861A64E}.Debug|Any CPU.ActiveCfg = Debug|Any CPU
		{C9DB13BC-73F3-4699-8696-09A32861A64E}.Debug|Any CPU.Build.0 = Debug|Any CPU
		{C9DB13BC-73F3-4699-8696-09A32861A64E}.Debug|x64.ActiveCfg = Debug|Any CPU
		{C9DB13BC-73F3-4699-8696-09A32861A64E}.Debug|x64.Build.0 = Debug|Any CPU
		{C9DB13BC-73F3-4699-8696-09A32861A64E}.Debug|x86.ActiveCfg = Debug|Any CPU
		{C9DB13BC-73F3-4699-8696-09A32861A64E}.Debug|x86.Build.0 = Debug|Any CPU
		{C9DB13BC-73F3-4699-8696-09A32861A64E}.Release|Any CPU.ActiveCfg = Release|Any CPU
		{C9DB13BC-73F3-4699-8696-09A32861A64E}.Release|Any CPU.Build.0 = Release|Any CPU
		{C9DB13BC-73F3-4699-8696-09A32861A64E}.Release|x64.ActiveCfg = Release|Any CPU
		{C9DB13BC-73F3-4699-8696-09A32861A64E}.Release|x64.Build.0 = Release|Any CPU
		{C9DB13BC-73F3-4699-8696-09A32861A64E}.Release|x86.ActiveCfg = Release|Any CPU
		{C9DB13BC-73F3-4699-8696-09A32861A64E}.Release|x86.Build.0 = Release|Any CPU
		{50203FBF-04CC-4F6C-8313-2B18E182860D}.Debug|Any CPU.ActiveCfg = Debug|Any CPU
		{50203FBF-04CC-4F6C-8313-2B18E182860D}.Debug|Any CPU.Build.0 = Debug|Any CPU
		{50203FBF-04CC-4F6C-8313-2B18E182860D}.Debug|x64.ActiveCfg = Debug|Any CPU
		{50203FBF-04CC-4F6C-8313-2B18E182860D}.Debug|x64.Build.0 = Debug|Any CPU
		{50203FBF-04CC-4F6C-8313-2B18E182860D}.Debug|x86.ActiveCfg = Debug|Any CPU
		{50203FBF-04CC-4F6C-8313-2B18E182860D}.Debug|x86.Build.0 = Debug|Any CPU
		{50203FBF-04CC-4F6C-8313-2B18E182860D}.Release|Any CPU.ActiveCfg = Release|Any CPU
		{50203FBF-04CC-4F6C-8313-2B18E182860D}.Release|Any CPU.Build.0 = Release|Any CPU
		{50203FBF-04CC-4F6C-8313-2B18E182860D}.Release|x64.ActiveCfg = Release|Any CPU
		{50203FBF-04CC-4F6C-8313-2B18E182860D}.Release|x64.Build.0 = Release|Any CPU
		{50203FBF-04CC-4F6C-8313-2B18E182860D}.Release|x86.ActiveCfg = Release|Any CPU
		{50203FBF-04CC-4F6C-8313-2B18E182860D}.Release|x86.Build.0 = Release|Any CPU
		{F4250F89-F5FF-4D66-8E84-24F3EFE4BF63}.Debug|Any CPU.ActiveCfg = Debug|Any CPU
		{F4250F89-F5FF-4D66-8E84-24F3EFE4BF63}.Debug|Any CPU.Build.0 = Debug|Any CPU
		{F4250F89-F5FF-4D66-8E84-24F3EFE4BF63}.Debug|x64.ActiveCfg = Debug|Any CPU
		{F4250F89-F5FF-4D66-8E84-24F3EFE4BF63}.Debug|x64.Build.0 = Debug|Any CPU
		{F4250F89-F5FF-4D66-8E84-24F3EFE4BF63}.Debug|x86.ActiveCfg = Debug|Any CPU
		{F4250F89-F5FF-4D66-8E84-24F3EFE4BF63}.Debug|x86.Build.0 = Debug|Any CPU
		{F4250F89-F5FF-4D66-8E84-24F3EFE4BF63}.Release|Any CPU.ActiveCfg = Release|Any CPU
		{F4250F89-F5FF-4D66-8E84-24F3EFE4BF63}.Release|Any CPU.Build.0 = Release|Any CPU
		{F4250F89-F5FF-4D66-8E84-24F3EFE4BF63}.Release|x64.ActiveCfg = Release|Any CPU
		{F4250F89-F5FF-4D66-8E84-24F3EFE4BF63}.Release|x64.Build.0 = Release|Any CPU
		{F4250F89-F5FF-4D66-8E84-24F3EFE4BF63}.Release|x86.ActiveCfg = Release|Any CPU
		{F4250F89-F5FF-4D66-8E84-24F3EFE4BF63}.Release|x86.Build.0 = Release|Any CPU
		{0F708903-4BA2-4836-8842-C85438132418}.Debug|Any CPU.ActiveCfg = Debug|Any CPU
		{0F708903-4BA2-4836-8842-C85438132418}.Debug|Any CPU.Build.0 = Debug|Any CPU
		{0F708903-4BA2-4836-8842-C85438132418}.Debug|x64.ActiveCfg = Debug|Any CPU
		{0F708903-4BA2-4836-8842-C85438132418}.Debug|x64.Build.0 = Debug|Any CPU
		{0F708903-4BA2-4836-8842-C85438132418}.Debug|x86.ActiveCfg = Debug|Any CPU
		{0F708903-4BA2-4836-8842-C85438132418}.Debug|x86.Build.0 = Debug|Any CPU
		{0F708903-4BA2-4836-8842-C85438132418}.Release|Any CPU.ActiveCfg = Release|Any CPU
		{0F708903-4BA2-4836-8842-C85438132418}.Release|Any CPU.Build.0 = Release|Any CPU
		{0F708903-4BA2-4836-8842-C85438132418}.Release|x64.ActiveCfg = Release|Any CPU
		{0F708903-4BA2-4836-8842-C85438132418}.Release|x64.Build.0 = Release|Any CPU
		{0F708903-4BA2-4836-8842-C85438132418}.Release|x86.ActiveCfg = Release|Any CPU
		{0F708903-4BA2-4836-8842-C85438132418}.Release|x86.Build.0 = Release|Any CPU
		{7EFBC28D-A7E3-40D1-9A42-3F890CEABCD9}.Debug|Any CPU.ActiveCfg = Debug|Any CPU
		{7EFBC28D-A7E3-40D1-9A42-3F890CEABCD9}.Debug|Any CPU.Build.0 = Debug|Any CPU
		{7EFBC28D-A7E3-40D1-9A42-3F890CEABCD9}.Debug|x64.ActiveCfg = Debug|Any CPU
		{7EFBC28D-A7E3-40D1-9A42-3F890CEABCD9}.Debug|x64.Build.0 = Debug|Any CPU
		{7EFBC28D-A7E3-40D1-9A42-3F890CEABCD9}.Debug|x86.ActiveCfg = Debug|Any CPU
		{7EFBC28D-A7E3-40D1-9A42-3F890CEABCD9}.Debug|x86.Build.0 = Debug|Any CPU
		{7EFBC28D-A7E3-40D1-9A42-3F890CEABCD9}.Release|Any CPU.ActiveCfg = Release|Any CPU
		{7EFBC28D-A7E3-40D1-9A42-3F890CEABCD9}.Release|Any CPU.Build.0 = Release|Any CPU
		{7EFBC28D-A7E3-40D1-9A42-3F890CEABCD9}.Release|x64.ActiveCfg = Release|Any CPU
		{7EFBC28D-A7E3-40D1-9A42-3F890CEABCD9}.Release|x64.Build.0 = Release|Any CPU
		{7EFBC28D-A7E3-40D1-9A42-3F890CEABCD9}.Release|x86.ActiveCfg = Release|Any CPU
		{7EFBC28D-A7E3-40D1-9A42-3F890CEABCD9}.Release|x86.Build.0 = Release|Any CPU
		{50B94922-6080-4AA0-8B79-B5A789285C7A}.Debug|Any CPU.ActiveCfg = Debug|Any CPU
		{50B94922-6080-4AA0-8B79-B5A789285C7A}.Debug|Any CPU.Build.0 = Debug|Any CPU
		{50B94922-6080-4AA0-8B79-B5A789285C7A}.Debug|x64.ActiveCfg = Debug|Any CPU
		{50B94922-6080-4AA0-8B79-B5A789285C7A}.Debug|x64.Build.0 = Debug|Any CPU
		{50B94922-6080-4AA0-8B79-B5A789285C7A}.Debug|x86.ActiveCfg = Debug|Any CPU
		{50B94922-6080-4AA0-8B79-B5A789285C7A}.Debug|x86.Build.0 = Debug|Any CPU
		{50B94922-6080-4AA0-8B79-B5A789285C7A}.Release|Any CPU.ActiveCfg = Release|Any CPU
		{50B94922-6080-4AA0-8B79-B5A789285C7A}.Release|Any CPU.Build.0 = Release|Any CPU
		{50B94922-6080-4AA0-8B79-B5A789285C7A}.Release|x64.ActiveCfg = Release|Any CPU
		{50B94922-6080-4AA0-8B79-B5A789285C7A}.Release|x64.Build.0 = Release|Any CPU
		{50B94922-6080-4AA0-8B79-B5A789285C7A}.Release|x86.ActiveCfg = Release|Any CPU
		{50B94922-6080-4AA0-8B79-B5A789285C7A}.Release|x86.Build.0 = Release|Any CPU
		{9105F374-A6A2-48CF-AE74-D99C4A5EE758}.Debug|Any CPU.ActiveCfg = Debug|Any CPU
		{9105F374-A6A2-48CF-AE74-D99C4A5EE758}.Debug|Any CPU.Build.0 = Debug|Any CPU
		{9105F374-A6A2-48CF-AE74-D99C4A5EE758}.Debug|x64.ActiveCfg = Debug|Any CPU
		{9105F374-A6A2-48CF-AE74-D99C4A5EE758}.Debug|x64.Build.0 = Debug|Any CPU
		{9105F374-A6A2-48CF-AE74-D99C4A5EE758}.Debug|x86.ActiveCfg = Debug|Any CPU
		{9105F374-A6A2-48CF-AE74-D99C4A5EE758}.Debug|x86.Build.0 = Debug|Any CPU
		{9105F374-A6A2-48CF-AE74-D99C4A5EE758}.Release|Any CPU.ActiveCfg = Release|Any CPU
		{9105F374-A6A2-48CF-AE74-D99C4A5EE758}.Release|Any CPU.Build.0 = Release|Any CPU
		{9105F374-A6A2-48CF-AE74-D99C4A5EE758}.Release|x64.ActiveCfg = Release|Any CPU
		{9105F374-A6A2-48CF-AE74-D99C4A5EE758}.Release|x64.Build.0 = Release|Any CPU
		{9105F374-A6A2-48CF-AE74-D99C4A5EE758}.Release|x86.ActiveCfg = Release|Any CPU
		{9105F374-A6A2-48CF-AE74-D99C4A5EE758}.Release|x86.Build.0 = Release|Any CPU
		{E87B92BD-0745-4466-902A-7CB172678716}.Debug|Any CPU.ActiveCfg = Debug|Any CPU
		{E87B92BD-0745-4466-902A-7CB172678716}.Debug|Any CPU.Build.0 = Debug|Any CPU
		{E87B92BD-0745-4466-902A-7CB172678716}.Debug|x64.ActiveCfg = Debug|Any CPU
		{E87B92BD-0745-4466-902A-7CB172678716}.Debug|x64.Build.0 = Debug|Any CPU
		{E87B92BD-0745-4466-902A-7CB172678716}.Debug|x86.ActiveCfg = Debug|Any CPU
		{E87B92BD-0745-4466-902A-7CB172678716}.Debug|x86.Build.0 = Debug|Any CPU
		{E87B92BD-0745-4466-902A-7CB172678716}.Release|Any CPU.ActiveCfg = Release|Any CPU
		{E87B92BD-0745-4466-902A-7CB172678716}.Release|Any CPU.Build.0 = Release|Any CPU
		{E87B92BD-0745-4466-902A-7CB172678716}.Release|x64.ActiveCfg = Release|Any CPU
		{E87B92BD-0745-4466-902A-7CB172678716}.Release|x64.Build.0 = Release|Any CPU
		{E87B92BD-0745-4466-902A-7CB172678716}.Release|x86.ActiveCfg = Release|Any CPU
		{E87B92BD-0745-4466-902A-7CB172678716}.Release|x86.Build.0 = Release|Any CPU
		{B9CE6661-1466-4E8B-BE1D-6A63D8BCB824}.Debug|Any CPU.ActiveCfg = Debug|Any CPU
		{B9CE6661-1466-4E8B-BE1D-6A63D8BCB824}.Debug|Any CPU.Build.0 = Debug|Any CPU
		{B9CE6661-1466-4E8B-BE1D-6A63D8BCB824}.Debug|x64.ActiveCfg = Debug|Any CPU
		{B9CE6661-1466-4E8B-BE1D-6A63D8BCB824}.Debug|x64.Build.0 = Debug|Any CPU
		{B9CE6661-1466-4E8B-BE1D-6A63D8BCB824}.Debug|x86.ActiveCfg = Debug|Any CPU
		{B9CE6661-1466-4E8B-BE1D-6A63D8BCB824}.Debug|x86.Build.0 = Debug|Any CPU
		{B9CE6661-1466-4E8B-BE1D-6A63D8BCB824}.Release|Any CPU.ActiveCfg = Release|Any CPU
		{B9CE6661-1466-4E8B-BE1D-6A63D8BCB824}.Release|Any CPU.Build.0 = Release|Any CPU
		{B9CE6661-1466-4E8B-BE1D-6A63D8BCB824}.Release|x64.ActiveCfg = Release|Any CPU
		{B9CE6661-1466-4E8B-BE1D-6A63D8BCB824}.Release|x64.Build.0 = Release|Any CPU
		{B9CE6661-1466-4E8B-BE1D-6A63D8BCB824}.Release|x86.ActiveCfg = Release|Any CPU
		{B9CE6661-1466-4E8B-BE1D-6A63D8BCB824}.Release|x86.Build.0 = Release|Any CPU
		{84F1D945-B247-4547-A48B-A7F500E50A29}.Debug|Any CPU.ActiveCfg = Debug|Any CPU
		{84F1D945-B247-4547-A48B-A7F500E50A29}.Debug|Any CPU.Build.0 = Debug|Any CPU
		{84F1D945-B247-4547-A48B-A7F500E50A29}.Debug|x64.ActiveCfg = Debug|Any CPU
		{84F1D945-B247-4547-A48B-A7F500E50A29}.Debug|x64.Build.0 = Debug|Any CPU
		{84F1D945-B247-4547-A48B-A7F500E50A29}.Debug|x86.ActiveCfg = Debug|Any CPU
		{84F1D945-B247-4547-A48B-A7F500E50A29}.Debug|x86.Build.0 = Debug|Any CPU
		{84F1D945-B247-4547-A48B-A7F500E50A29}.Release|Any CPU.ActiveCfg = Release|Any CPU
		{84F1D945-B247-4547-A48B-A7F500E50A29}.Release|Any CPU.Build.0 = Release|Any CPU
		{84F1D945-B247-4547-A48B-A7F500E50A29}.Release|x64.ActiveCfg = Release|Any CPU
		{84F1D945-B247-4547-A48B-A7F500E50A29}.Release|x64.Build.0 = Release|Any CPU
		{84F1D945-B247-4547-A48B-A7F500E50A29}.Release|x86.ActiveCfg = Release|Any CPU
		{84F1D945-B247-4547-A48B-A7F500E50A29}.Release|x86.Build.0 = Release|Any CPU
		{52836FC2-008C-46B2-9B39-6E9C57E99639}.Debug|Any CPU.ActiveCfg = Debug|Any CPU
		{52836FC2-008C-46B2-9B39-6E9C57E99639}.Debug|Any CPU.Build.0 = Debug|Any CPU
		{52836FC2-008C-46B2-9B39-6E9C57E99639}.Debug|x64.ActiveCfg = Debug|Any CPU
		{52836FC2-008C-46B2-9B39-6E9C57E99639}.Debug|x64.Build.0 = Debug|Any CPU
		{52836FC2-008C-46B2-9B39-6E9C57E99639}.Debug|x86.ActiveCfg = Debug|Any CPU
		{52836FC2-008C-46B2-9B39-6E9C57E99639}.Debug|x86.Build.0 = Debug|Any CPU
		{52836FC2-008C-46B2-9B39-6E9C57E99639}.Release|Any CPU.ActiveCfg = Release|Any CPU
		{52836FC2-008C-46B2-9B39-6E9C57E99639}.Release|Any CPU.Build.0 = Release|Any CPU
		{52836FC2-008C-46B2-9B39-6E9C57E99639}.Release|x64.ActiveCfg = Release|Any CPU
		{52836FC2-008C-46B2-9B39-6E9C57E99639}.Release|x64.Build.0 = Release|Any CPU
		{52836FC2-008C-46B2-9B39-6E9C57E99639}.Release|x86.ActiveCfg = Release|Any CPU
		{52836FC2-008C-46B2-9B39-6E9C57E99639}.Release|x86.Build.0 = Release|Any CPU
		{58F27E78-126F-45C9-8FDB-E9B9CAAEBCDF}.Debug|Any CPU.ActiveCfg = Debug|Any CPU
		{58F27E78-126F-45C9-8FDB-E9B9CAAEBCDF}.Debug|Any CPU.Build.0 = Debug|Any CPU
		{58F27E78-126F-45C9-8FDB-E9B9CAAEBCDF}.Debug|x64.ActiveCfg = Debug|Any CPU
		{58F27E78-126F-45C9-8FDB-E9B9CAAEBCDF}.Debug|x64.Build.0 = Debug|Any CPU
		{58F27E78-126F-45C9-8FDB-E9B9CAAEBCDF}.Debug|x86.ActiveCfg = Debug|Any CPU
		{58F27E78-126F-45C9-8FDB-E9B9CAAEBCDF}.Debug|x86.Build.0 = Debug|Any CPU
		{58F27E78-126F-45C9-8FDB-E9B9CAAEBCDF}.Release|Any CPU.ActiveCfg = Release|Any CPU
		{58F27E78-126F-45C9-8FDB-E9B9CAAEBCDF}.Release|Any CPU.Build.0 = Release|Any CPU
		{58F27E78-126F-45C9-8FDB-E9B9CAAEBCDF}.Release|x64.ActiveCfg = Release|Any CPU
		{58F27E78-126F-45C9-8FDB-E9B9CAAEBCDF}.Release|x64.Build.0 = Release|Any CPU
		{58F27E78-126F-45C9-8FDB-E9B9CAAEBCDF}.Release|x86.ActiveCfg = Release|Any CPU
		{58F27E78-126F-45C9-8FDB-E9B9CAAEBCDF}.Release|x86.Build.0 = Release|Any CPU
		{C4FFD5D2-B388-444D-90FB-B84B39C04FD0}.Debug|Any CPU.ActiveCfg = Debug|Any CPU
		{C4FFD5D2-B388-444D-90FB-B84B39C04FD0}.Debug|Any CPU.Build.0 = Debug|Any CPU
		{C4FFD5D2-B388-444D-90FB-B84B39C04FD0}.Debug|x64.ActiveCfg = Debug|Any CPU
		{C4FFD5D2-B388-444D-90FB-B84B39C04FD0}.Debug|x64.Build.0 = Debug|Any CPU
		{C4FFD5D2-B388-444D-90FB-B84B39C04FD0}.Debug|x86.ActiveCfg = Debug|Any CPU
		{C4FFD5D2-B388-444D-90FB-B84B39C04FD0}.Debug|x86.Build.0 = Debug|Any CPU
		{C4FFD5D2-B388-444D-90FB-B84B39C04FD0}.Release|Any CPU.ActiveCfg = Release|Any CPU
		{C4FFD5D2-B388-444D-90FB-B84B39C04FD0}.Release|Any CPU.Build.0 = Release|Any CPU
		{C4FFD5D2-B388-444D-90FB-B84B39C04FD0}.Release|x64.ActiveCfg = Release|Any CPU
		{C4FFD5D2-B388-444D-90FB-B84B39C04FD0}.Release|x64.Build.0 = Release|Any CPU
		{C4FFD5D2-B388-444D-90FB-B84B39C04FD0}.Release|x86.ActiveCfg = Release|Any CPU
		{C4FFD5D2-B388-444D-90FB-B84B39C04FD0}.Release|x86.Build.0 = Release|Any CPU
		{F074E614-BC51-4478-ABBF-21C6DFD64D3F}.Debug|Any CPU.ActiveCfg = Debug|Any CPU
		{F074E614-BC51-4478-ABBF-21C6DFD64D3F}.Debug|Any CPU.Build.0 = Debug|Any CPU
		{F074E614-BC51-4478-ABBF-21C6DFD64D3F}.Debug|x64.ActiveCfg = Debug|Any CPU
		{F074E614-BC51-4478-ABBF-21C6DFD64D3F}.Debug|x64.Build.0 = Debug|Any CPU
		{F074E614-BC51-4478-ABBF-21C6DFD64D3F}.Debug|x86.ActiveCfg = Debug|Any CPU
		{F074E614-BC51-4478-ABBF-21C6DFD64D3F}.Debug|x86.Build.0 = Debug|Any CPU
		{F074E614-BC51-4478-ABBF-21C6DFD64D3F}.Release|Any CPU.ActiveCfg = Release|Any CPU
		{F074E614-BC51-4478-ABBF-21C6DFD64D3F}.Release|Any CPU.Build.0 = Release|Any CPU
		{F074E614-BC51-4478-ABBF-21C6DFD64D3F}.Release|x64.ActiveCfg = Release|Any CPU
		{F074E614-BC51-4478-ABBF-21C6DFD64D3F}.Release|x64.Build.0 = Release|Any CPU
		{F074E614-BC51-4478-ABBF-21C6DFD64D3F}.Release|x86.ActiveCfg = Release|Any CPU
		{F074E614-BC51-4478-ABBF-21C6DFD64D3F}.Release|x86.Build.0 = Release|Any CPU
		{999F115A-CEBE-4F2B-9600-912DCF9A37C0}.Debug|Any CPU.ActiveCfg = Debug|Any CPU
		{999F115A-CEBE-4F2B-9600-912DCF9A37C0}.Debug|Any CPU.Build.0 = Debug|Any CPU
		{999F115A-CEBE-4F2B-9600-912DCF9A37C0}.Debug|x64.ActiveCfg = Debug|Any CPU
		{999F115A-CEBE-4F2B-9600-912DCF9A37C0}.Debug|x64.Build.0 = Debug|Any CPU
		{999F115A-CEBE-4F2B-9600-912DCF9A37C0}.Debug|x86.ActiveCfg = Debug|Any CPU
		{999F115A-CEBE-4F2B-9600-912DCF9A37C0}.Debug|x86.Build.0 = Debug|Any CPU
		{999F115A-CEBE-4F2B-9600-912DCF9A37C0}.Release|Any CPU.ActiveCfg = Release|Any CPU
		{999F115A-CEBE-4F2B-9600-912DCF9A37C0}.Release|Any CPU.Build.0 = Release|Any CPU
		{999F115A-CEBE-4F2B-9600-912DCF9A37C0}.Release|x64.ActiveCfg = Release|Any CPU
		{999F115A-CEBE-4F2B-9600-912DCF9A37C0}.Release|x64.Build.0 = Release|Any CPU
		{999F115A-CEBE-4F2B-9600-912DCF9A37C0}.Release|x86.ActiveCfg = Release|Any CPU
		{999F115A-CEBE-4F2B-9600-912DCF9A37C0}.Release|x86.Build.0 = Release|Any CPU
		{64FB848E-3685-4524-872B-77C29090C9BA}.Debug|Any CPU.ActiveCfg = Debug|Any CPU
		{64FB848E-3685-4524-872B-77C29090C9BA}.Debug|Any CPU.Build.0 = Debug|Any CPU
		{64FB848E-3685-4524-872B-77C29090C9BA}.Debug|x64.ActiveCfg = Debug|Any CPU
		{64FB848E-3685-4524-872B-77C29090C9BA}.Debug|x64.Build.0 = Debug|Any CPU
		{64FB848E-3685-4524-872B-77C29090C9BA}.Debug|x86.ActiveCfg = Debug|Any CPU
		{64FB848E-3685-4524-872B-77C29090C9BA}.Debug|x86.Build.0 = Debug|Any CPU
		{64FB848E-3685-4524-872B-77C29090C9BA}.Release|Any CPU.ActiveCfg = Release|Any CPU
		{64FB848E-3685-4524-872B-77C29090C9BA}.Release|Any CPU.Build.0 = Release|Any CPU
		{64FB848E-3685-4524-872B-77C29090C9BA}.Release|x64.ActiveCfg = Release|Any CPU
		{64FB848E-3685-4524-872B-77C29090C9BA}.Release|x64.Build.0 = Release|Any CPU
		{64FB848E-3685-4524-872B-77C29090C9BA}.Release|x86.ActiveCfg = Release|Any CPU
		{64FB848E-3685-4524-872B-77C29090C9BA}.Release|x86.Build.0 = Release|Any CPU
		{2AB06D7E-BC8E-4027-BCCE-B23AA27083A8}.Debug|Any CPU.ActiveCfg = Debug|Any CPU
		{2AB06D7E-BC8E-4027-BCCE-B23AA27083A8}.Debug|Any CPU.Build.0 = Debug|Any CPU
		{2AB06D7E-BC8E-4027-BCCE-B23AA27083A8}.Debug|x64.ActiveCfg = Debug|Any CPU
		{2AB06D7E-BC8E-4027-BCCE-B23AA27083A8}.Debug|x64.Build.0 = Debug|Any CPU
		{2AB06D7E-BC8E-4027-BCCE-B23AA27083A8}.Debug|x86.ActiveCfg = Debug|Any CPU
		{2AB06D7E-BC8E-4027-BCCE-B23AA27083A8}.Debug|x86.Build.0 = Debug|Any CPU
		{2AB06D7E-BC8E-4027-BCCE-B23AA27083A8}.Release|Any CPU.ActiveCfg = Release|Any CPU
		{2AB06D7E-BC8E-4027-BCCE-B23AA27083A8}.Release|Any CPU.Build.0 = Release|Any CPU
		{2AB06D7E-BC8E-4027-BCCE-B23AA27083A8}.Release|x64.ActiveCfg = Release|Any CPU
		{2AB06D7E-BC8E-4027-BCCE-B23AA27083A8}.Release|x64.Build.0 = Release|Any CPU
		{2AB06D7E-BC8E-4027-BCCE-B23AA27083A8}.Release|x86.ActiveCfg = Release|Any CPU
		{2AB06D7E-BC8E-4027-BCCE-B23AA27083A8}.Release|x86.Build.0 = Release|Any CPU
		{94F88274-0E31-4BDD-B0EC-3A3C063F6DA6}.Debug|Any CPU.ActiveCfg = Debug|Any CPU
		{94F88274-0E31-4BDD-B0EC-3A3C063F6DA6}.Debug|Any CPU.Build.0 = Debug|Any CPU
		{94F88274-0E31-4BDD-B0EC-3A3C063F6DA6}.Debug|x64.ActiveCfg = Debug|Any CPU
		{94F88274-0E31-4BDD-B0EC-3A3C063F6DA6}.Debug|x64.Build.0 = Debug|Any CPU
		{94F88274-0E31-4BDD-B0EC-3A3C063F6DA6}.Debug|x86.ActiveCfg = Debug|Any CPU
		{94F88274-0E31-4BDD-B0EC-3A3C063F6DA6}.Debug|x86.Build.0 = Debug|Any CPU
		{94F88274-0E31-4BDD-B0EC-3A3C063F6DA6}.Release|Any CPU.ActiveCfg = Release|Any CPU
		{94F88274-0E31-4BDD-B0EC-3A3C063F6DA6}.Release|Any CPU.Build.0 = Release|Any CPU
		{94F88274-0E31-4BDD-B0EC-3A3C063F6DA6}.Release|x64.ActiveCfg = Release|Any CPU
		{94F88274-0E31-4BDD-B0EC-3A3C063F6DA6}.Release|x64.Build.0 = Release|Any CPU
		{94F88274-0E31-4BDD-B0EC-3A3C063F6DA6}.Release|x86.ActiveCfg = Release|Any CPU
		{94F88274-0E31-4BDD-B0EC-3A3C063F6DA6}.Release|x86.Build.0 = Release|Any CPU
		{B9E1545C-2E0A-470D-9395-71837E946604}.Debug|Any CPU.ActiveCfg = Debug|Any CPU
		{B9E1545C-2E0A-470D-9395-71837E946604}.Debug|Any CPU.Build.0 = Debug|Any CPU
		{B9E1545C-2E0A-470D-9395-71837E946604}.Debug|x64.ActiveCfg = Debug|Any CPU
		{B9E1545C-2E0A-470D-9395-71837E946604}.Debug|x64.Build.0 = Debug|Any CPU
		{B9E1545C-2E0A-470D-9395-71837E946604}.Debug|x86.ActiveCfg = Debug|Any CPU
		{B9E1545C-2E0A-470D-9395-71837E946604}.Debug|x86.Build.0 = Debug|Any CPU
		{B9E1545C-2E0A-470D-9395-71837E946604}.Release|Any CPU.ActiveCfg = Release|Any CPU
		{B9E1545C-2E0A-470D-9395-71837E946604}.Release|Any CPU.Build.0 = Release|Any CPU
		{B9E1545C-2E0A-470D-9395-71837E946604}.Release|x64.ActiveCfg = Release|Any CPU
		{B9E1545C-2E0A-470D-9395-71837E946604}.Release|x64.Build.0 = Release|Any CPU
		{B9E1545C-2E0A-470D-9395-71837E946604}.Release|x86.ActiveCfg = Release|Any CPU
		{B9E1545C-2E0A-470D-9395-71837E946604}.Release|x86.Build.0 = Release|Any CPU
		{EBBEE0CB-CDBD-495F-9CD9-9CF923EA6B92}.Debug|Any CPU.ActiveCfg = Debug|Any CPU
		{EBBEE0CB-CDBD-495F-9CD9-9CF923EA6B92}.Debug|Any CPU.Build.0 = Debug|Any CPU
		{EBBEE0CB-CDBD-495F-9CD9-9CF923EA6B92}.Debug|x64.ActiveCfg = Debug|Any CPU
		{EBBEE0CB-CDBD-495F-9CD9-9CF923EA6B92}.Debug|x64.Build.0 = Debug|Any CPU
		{EBBEE0CB-CDBD-495F-9CD9-9CF923EA6B92}.Debug|x86.ActiveCfg = Debug|Any CPU
		{EBBEE0CB-CDBD-495F-9CD9-9CF923EA6B92}.Debug|x86.Build.0 = Debug|Any CPU
		{EBBEE0CB-CDBD-495F-9CD9-9CF923EA6B92}.Release|Any CPU.ActiveCfg = Release|Any CPU
		{EBBEE0CB-CDBD-495F-9CD9-9CF923EA6B92}.Release|Any CPU.Build.0 = Release|Any CPU
		{EBBEE0CB-CDBD-495F-9CD9-9CF923EA6B92}.Release|x64.ActiveCfg = Release|Any CPU
		{EBBEE0CB-CDBD-495F-9CD9-9CF923EA6B92}.Release|x64.Build.0 = Release|Any CPU
		{EBBEE0CB-CDBD-495F-9CD9-9CF923EA6B92}.Release|x86.ActiveCfg = Release|Any CPU
		{EBBEE0CB-CDBD-495F-9CD9-9CF923EA6B92}.Release|x86.Build.0 = Release|Any CPU
	EndGlobalSection
	GlobalSection(SolutionProperties) = preSolution
		HideSolutionNode = FALSE
	EndGlobalSection
	GlobalSection(NestedProjects) = preSolution
		{90298CBA-BD6F-3A0A-69D5-97CAD7B05E7E} = {827E0CD3-B72D-47B6-A68D-7590B98EB39B}
		{D8F91D30-3B32-4A15-A8E0-52D7B6FF6665} = {90298CBA-BD6F-3A0A-69D5-97CAD7B05E7E}
		{8AE1CFFA-CFE3-49CE-AACD-D9FF503D182B} = {90298CBA-BD6F-3A0A-69D5-97CAD7B05E7E}
		{190C21C9-DD7D-4671-8ABB-7B9AFF275E73} = {90298CBA-BD6F-3A0A-69D5-97CAD7B05E7E}
		{CF2290AA-596E-448A-A5A2-DD1E1AEAEAB8} = {90298CBA-BD6F-3A0A-69D5-97CAD7B05E7E}
		{984BB9B3-3FA3-BE33-9484-CAC21695A33C} = {827E0CD3-B72D-47B6-A68D-7590B98EB39B}
		{1BFC9479-12BF-35C3-06B8-42D89D95092B} = {984BB9B3-3FA3-BE33-9484-CAC21695A33C}
		{F39C772D-353F-479D-9354-B951E27B53B8} = {1BFC9479-12BF-35C3-06B8-42D89D95092B}
		{6EA047F8-A961-4886-8410-D260AC15A6D2} = {1BFC9479-12BF-35C3-06B8-42D89D95092B}
		{7E39D2F7-DFED-443B-B3D6-F6B1FBCA596A} = {1BFC9479-12BF-35C3-06B8-42D89D95092B}
		{923813DE-9B75-46DE-B708-243AB6ADED91} = {1BFC9479-12BF-35C3-06B8-42D89D95092B}
		{90871885-B8E6-5C1A-CBBF-0D2A04985334} = {984BB9B3-3FA3-BE33-9484-CAC21695A33C}
		{9EACF9EB-9294-4DE9-A0EF-D6830E86054E} = {90871885-B8E6-5C1A-CBBF-0D2A04985334}
		{74EFACEA-16F6-43BC-B27C-823BA1252B93} = {90871885-B8E6-5C1A-CBBF-0D2A04985334}
		{CA3A457B-8AC0-40A0-9F7E-140E1450BC28} = {90871885-B8E6-5C1A-CBBF-0D2A04985334}
		{3D7B1CB5-551A-4923-872D-9BFBC1F95F9B} = {90871885-B8E6-5C1A-CBBF-0D2A04985334}
		{207F13CC-034E-F255-3190-3D359AC0ABE6} = {984BB9B3-3FA3-BE33-9484-CAC21695A33C}
		{F0AB6049-43E8-4FFE-9A0E-DAA97A6473DC} = {207F13CC-034E-F255-3190-3D359AC0ABE6}
		{62BA4703-7995-40E8-869C-CFE3ED1CEE42} = {207F13CC-034E-F255-3190-3D359AC0ABE6}
		{423B97B3-3E71-4708-A1D8-22DCE2B4BDD5} = {207F13CC-034E-F255-3190-3D359AC0ABE6}
		{EDA8319C-93B9-4675-A28E-FAB28A3737D5} = {207F13CC-034E-F255-3190-3D359AC0ABE6}
		{4055CF69-C227-5102-9BD5-10E543479BE4} = {984BB9B3-3FA3-BE33-9484-CAC21695A33C}
		{61F74FC4-7B9A-49D6-9D85-C3FCB4B65E42} = {4055CF69-C227-5102-9BD5-10E543479BE4}
		{07F9779A-0FCE-494A-B595-52DC0B39E35D} = {4055CF69-C227-5102-9BD5-10E543479BE4}
		{7E6E8351-44AA-4E1D-88FA-8BF2746C4AE9} = {4055CF69-C227-5102-9BD5-10E543479BE4}
		{F00D0561-ED78-4BBB-964F-EFAC60A609E8} = {4055CF69-C227-5102-9BD5-10E543479BE4}
		{06D28332-66B3-E6B3-924A-9DDA8E154DB5} = {984BB9B3-3FA3-BE33-9484-CAC21695A33C}
		{95EF80C2-C60C-43E8-A1BA-4658BAD9A212} = {06D28332-66B3-E6B3-924A-9DDA8E154DB5}
		{2B780C25-148B-4F53-A8F8-8DBCCBA71E07} = {06D28332-66B3-E6B3-924A-9DDA8E154DB5}
		{01285D62-3B32-4D16-AB9F-6DE7C3948845} = {06D28332-66B3-E6B3-924A-9DDA8E154DB5}
		{EB511BED-9FA9-439A-B554-09B5C54972B8} = {06D28332-66B3-E6B3-924A-9DDA8E154DB5}
		{18CA52B8-6E38-66FB-F718-A8FDBC5FDE27} = {984BB9B3-3FA3-BE33-9484-CAC21695A33C}
		{4CA74A7F-8D4F-441C-928C-45B78A2F4CB6} = {18CA52B8-6E38-66FB-F718-A8FDBC5FDE27}
		{0CD62993-9ABB-4BCD-B713-9198941F901B} = {18CA52B8-6E38-66FB-F718-A8FDBC5FDE27}
		{25B45716-FECE-4630-87FB-ABCFB87AE1E0} = {18CA52B8-6E38-66FB-F718-A8FDBC5FDE27}
		{3E739B22-9463-49BB-856F-F791C1021316} = {18CA52B8-6E38-66FB-F718-A8FDBC5FDE27}
		{1749B297-7763-A9F9-5B90-3022596A2E25} = {984BB9B3-3FA3-BE33-9484-CAC21695A33C}
		{A391D0F5-1FE8-47B1-8683-7107BF898B1B} = {1749B297-7763-A9F9-5B90-3022596A2E25}
		{6DD203EA-1C4F-4F87-84AF-B58B5C635ED9} = {1749B297-7763-A9F9-5B90-3022596A2E25}
		{13638A37-D200-4F86-B56C-4B2905D614FD} = {1749B297-7763-A9F9-5B90-3022596A2E25}
		{11C63E5D-B5E5-4A7E-BBEF-411975DAD57F} = {1749B297-7763-A9F9-5B90-3022596A2E25}
		{3FFEBCA5-B2B1-307B-2E79-834D392A0BA2} = {984BB9B3-3FA3-BE33-9484-CAC21695A33C}
		{C161E5DE-44EB-498B-960A-7A4D5CC37A24} = {3FFEBCA5-B2B1-307B-2E79-834D392A0BA2}
		{5BD3742F-69C5-4F51-B475-6D15E8A4B88B} = {3FFEBCA5-B2B1-307B-2E79-834D392A0BA2}
		{C9DB13BC-73F3-4699-8696-09A32861A64E} = {3FFEBCA5-B2B1-307B-2E79-834D392A0BA2}
		{50203FBF-04CC-4F6C-8313-2B18E182860D} = {3FFEBCA5-B2B1-307B-2E79-834D392A0BA2}
		{6306A8FB-679E-111F-6585-8F70E0EE6013} = {827E0CD3-B72D-47B6-A68D-7590B98EB39B}
		{F4250F89-F5FF-4D66-8E84-24F3EFE4BF63} = {6306A8FB-679E-111F-6585-8F70E0EE6013}
		{AD3136F1-6676-2AF3-8A96-F3C6585F1CB9} = {0AB3BF05-4346-4AA6-1389-037BE0695223}
		{0F708903-4BA2-4836-8842-C85438132418} = {AD3136F1-6676-2AF3-8A96-F3C6585F1CB9}
		{391CE2F5-AE47-7A9A-F474-4847BE99435E} = {0AB3BF05-4346-4AA6-1389-037BE0695223}
		{7EFBC28D-A7E3-40D1-9A42-3F890CEABCD9} = {391CE2F5-AE47-7A9A-F474-4847BE99435E}
		{50B94922-6080-4AA0-8B79-B5A789285C7A} = {391CE2F5-AE47-7A9A-F474-4847BE99435E}
		{E14384F3-D6B5-6C82-393F-A6910D1D9072} = {0AB3BF05-4346-4AA6-1389-037BE0695223}
		{9105F374-A6A2-48CF-AE74-D99C4A5EE758} = {E14384F3-D6B5-6C82-393F-A6910D1D9072}
		{E87B92BD-0745-4466-902A-7CB172678716} = {E14384F3-D6B5-6C82-393F-A6910D1D9072}
		{8CCC5DDE-A30B-52D2-856F-F7742811CBE6} = {0AB3BF05-4346-4AA6-1389-037BE0695223}
		{B9CE6661-1466-4E8B-BE1D-6A63D8BCB824} = {8CCC5DDE-A30B-52D2-856F-F7742811CBE6}
		{84F1D945-B247-4547-A48B-A7F500E50A29} = {8CCC5DDE-A30B-52D2-856F-F7742811CBE6}
		{FE625950-12E4-55AD-7F27-DE9A04D3DC7D} = {0AB3BF05-4346-4AA6-1389-037BE0695223}
		{52836FC2-008C-46B2-9B39-6E9C57E99639} = {FE625950-12E4-55AD-7F27-DE9A04D3DC7D}
		{58F27E78-126F-45C9-8FDB-E9B9CAAEBCDF} = {FE625950-12E4-55AD-7F27-DE9A04D3DC7D}
		{1DBC3A11-3DAD-A2D1-268C-152EE2D416E0} = {0AB3BF05-4346-4AA6-1389-037BE0695223}
		{C4FFD5D2-B388-444D-90FB-B84B39C04FD0} = {1DBC3A11-3DAD-A2D1-268C-152EE2D416E0}
		{F074E614-BC51-4478-ABBF-21C6DFD64D3F} = {1DBC3A11-3DAD-A2D1-268C-152EE2D416E0}
		{4724D9FA-1982-D43C-F3A4-3983C547C5B0} = {0AB3BF05-4346-4AA6-1389-037BE0695223}
		{999F115A-CEBE-4F2B-9600-912DCF9A37C0} = {4724D9FA-1982-D43C-F3A4-3983C547C5B0}
		{64FB848E-3685-4524-872B-77C29090C9BA} = {4724D9FA-1982-D43C-F3A4-3983C547C5B0}
		{02281479-84AC-AB17-0037-41424BA50996} = {0AB3BF05-4346-4AA6-1389-037BE0695223}
		{2AB06D7E-BC8E-4027-BCCE-B23AA27083A8} = {02281479-84AC-AB17-0037-41424BA50996}
		{94F88274-0E31-4BDD-B0EC-3A3C063F6DA6} = {02281479-84AC-AB17-0037-41424BA50996}
		{FCCD86C6-BC0B-1980-50D4-740336ADE599} = {0AB3BF05-4346-4AA6-1389-037BE0695223}
		{B9E1545C-2E0A-470D-9395-71837E946604} = {FCCD86C6-BC0B-1980-50D4-740336ADE599}
		{EBBEE0CB-CDBD-495F-9CD9-9CF923EA6B92} = {FCCD86C6-BC0B-1980-50D4-740336ADE599}
	EndGlobalSection
EndGlobal
